
Microsoft Visual Studio Solution File, Format Version 12.00
# Visual Studio Version 17
VisualStudioVersion = 17.14.36603.0 d17.14
MinimumVisualStudioVersion = 10.0.40219.1
Project("{FAE04EC0-301F-11D3-BF4B-00C04F79EFBC}") = "Edo.EquipmentTransfer", "Edo.EquipmentTransfer.csproj", "{CFCAF35B-965E-22EE-F117-616D1518F700}"
EndProject
Global
	GlobalSection(SolutionConfigurationPlatforms) = preSolution
		Debug|Any CPU = Debug|Any CPU
		Release|Any CPU = Release|Any CPU
	EndGlobalSection
	GlobalSection(ProjectConfigurationPlatforms) = postSolution
		{CFCAF35B-965E-22EE-F117-616D1518F700}.Debug|Any CPU.ActiveCfg = Debug|Any CPU
		{CFCAF35B-965E-22EE-F117-616D1518F700}.Debug|Any CPU.Build.0 = Debug|Any CPU
		{CFCAF35B-965E-22EE-F117-616D1518F700}.Release|Any CPU.ActiveCfg = Release|Any CPU
		{CFCAF35B-965E-22EE-F117-616D1518F700}.Release|Any CPU.Build.0 = Release|Any CPU
	EndGlobalSection
	GlobalSection(SolutionProperties) = preSolution
		HideSolutionNode = FALSE
	EndGlobalSection
	GlobalSection(ExtensibilityGlobals) = postSolution
		SolutionGuid = {10C6A426-A770-46FF-B833-174E40D3E9F9}
	EndGlobalSection
EndGlobal
