
Microsoft Visual Studio Solution File, Format Version 12.00
# Visual Studio 2012
Project("{FAE04EC0-301F-11D3-BF4B-00C04F79EFBC}") = "Vodovoz", "Vodovoz\Vodovoz.csproj", "{FBD0A975-C275-4C43-9840-9D96C4E4EB21}"
EndProject
Project("{2150E333-8FDC-42A3-9474-1A3956D46DE8}") = "Modules", "Modules", "{2B971ED3-E5E1-4CE7-B142-4393EC61DA67}"
EndProject
Project("{FAE04EC0-301F-11D3-BF4B-00C04F79EFBC}") = "QSBanks", "..\QSProjects\Modules\QSBanks\QSBanks.csproj", "{D21C0F94-5B1B-49E1-A5B0-50C3F99287E2}"
EndProject
Project("{FAE04EC0-301F-11D3-BF4B-00C04F79EFBC}") = "QSAttachment", "..\QSProjects\Modules\QSAttachment\QSAttachment.csproj", "{AED7339A-4A71-4063-9C67-0D54821230A3}"
EndProject
Project("{FAE04EC0-301F-11D3-BF4B-00C04F79EFBC}") = "QSContacts", "..\QSProjects\Modules\QSContacts\QSContacts.csproj", "{A236518F-E4D0-4CFF-B23F-769802B2821F}"
EndProject
Project("{FAE04EC0-301F-11D3-BF4B-00C04F79EFBC}") = "QSBusinessCommon", "..\QSProjects\Modules\QSBusinessCommon\QSBusinessCommon.csproj", "{AD329D59-938D-42AC-ABE2-B0F14FDBB7C6}"
EndProject
Project("{FAE04EC0-301F-11D3-BF4B-00C04F79EFBC}") = "QSDocTemplates", "..\QSProjects\Modules\QSDocTemplates\QSDocTemplates.csproj", "{55CD5E7C-3164-4A5D-9DA8-F29F5E9D170C}"
EndProject
Project("{2150E333-8FDC-42A3-9474-1A3956D46DE8}") = "External", "External", "{98F3A7D6-1FDF-43E0-B7C2-08DE9B6E6B69}"
EndProject
Project("{FAE04EC0-301F-11D3-BF4B-00C04F79EFBC}") = "Gtk.DataBindings", "..\Gtk.DataBindings\Gtk.DataBindings.csproj", "{8D85E430-325A-4532-A123-BF28F9644DB4}"
EndProject
Project("{FAE04EC0-301F-11D3-BF4B-00C04F79EFBC}") = "System.Data.Bindings", "..\Gtk.DataBindings\System.Data.Bindings\System.Data.Bindings.csproj", "{54F958F5-7E58-4C89-9A04-8835E63B97C3}"
EndProject
Project("{2150E333-8FDC-42A3-9474-1A3956D46DE8}") = "MajorSilenceReporting", "MajorSilenceReporting", "{238AA636-BA40-4A0B-A854-E813A08F8D15}"
EndProject
Project("{FAE04EC0-301F-11D3-BF4B-00C04F79EFBC}") = "RdlCri", "..\My-FyiReporting\RdlCri\RdlCri.csproj", "{9C9ECACA-0DEB-4517-8CF1-02C3D3EB128E}"
EndProject
Project("{FAE04EC0-301F-11D3-BF4B-00C04F79EFBC}") = "RdlEngine", "..\My-FyiReporting\RdlEngine\RdlEngine.csproj", "{C97E91F4-B310-44E2-9B6C-96775395722D}"
EndProject
Project("{FAE04EC0-301F-11D3-BF4B-00C04F79EFBC}") = "RdlGtkViewer", "..\My-FyiReporting\RdlGtkViewer\RdlGtkViewer\RdlGtkViewer.csproj", "{921488F1-F4FC-4438-920E-86E57442B253}"
EndProject
Project("{FAE04EC0-301F-11D3-BF4B-00C04F79EFBC}") = "DataProviders", "..\My-FyiReporting\DataProviders\DataProviders.csproj", "{D9F4197F-52D2-49F0-8DAF-E2884733CF2D}"
EndProject
Project("{2150E333-8FDC-42A3-9474-1A3956D46DE8}") = "GammaBinding", "GammaBinding", "{4F2D637A-06E9-42A7-9462-C2990C60857B}"
EndProject
Project("{FAE04EC0-301F-11D3-BF4B-00C04F79EFBC}") = "GammaBinding", "..\GammaBinding\GammaBinding\GammaBinding.csproj", "{190CEA0D-EA23-4C91-8030-203A5AFED7B7}"
EndProject
Project("{FAE04EC0-301F-11D3-BF4B-00C04F79EFBC}") = "GammaUtil", "..\GammaBinding\GammaUtil\GammaUtil.csproj", "{1BF2A638-420D-456C-96A7-36873A0FB894}"
EndProject
Project("{2150E333-8FDC-42A3-9474-1A3956D46DE8}") = "GMap", "GMap", "{E25648C4-5CC9-417C-A1B3-606F7F9E6680}"
EndProject
Project("{FAE04EC0-301F-11D3-BF4B-00C04F79EFBC}") = "GMap.NET.GtkSharp", "..\GMap.NET\GMap.NET.GtkSharp\GMap.NET.GtkSharp.csproj", "{E06DEF77-F933-42FB-AFD8-DB2D0D8D6A98}"
EndProject
Project("{FAE04EC0-301F-11D3-BF4B-00C04F79EFBC}") = "GMap.NET.Core", "..\GMap.NET\GMap.NET.Core\GMap.NET.Core.csproj", "{D0C39D9D-BED0-418B-9A5E-713176CAF40C}"
EndProject
Project("{2150E333-8FDC-42A3-9474-1A3956D46DE8}") = "QSLibs", "QSLibs", "{4227FE61-2892-4DCD-8089-D1E7D81200D6}"
EndProject
Project("{FAE04EC0-301F-11D3-BF4B-00C04F79EFBC}") = "QSOrmProject", "..\QSProjects\QSOrmProject\QSOrmProject.csproj", "{00D32969-612C-417E-9565-BEC6A7719F80}"
EndProject
Project("{FAE04EC0-301F-11D3-BF4B-00C04F79EFBC}") = "QSProjectsLib", "..\QSProjects\QSProjectsLib\QSProjectsLib.csproj", "{A6C1914F-7732-49F5-BABA-8BBBA521FAAB}"
EndProject
Project("{FAE04EC0-301F-11D3-BF4B-00C04F79EFBC}") = "QSSaaS", "..\QSProjects\QSSaaS\QSSaaS.csproj", "{4B502FE5-D419-4B5C-9276-0A25EF2F508A}"
EndProject
Project("{FAE04EC0-301F-11D3-BF4B-00C04F79EFBC}") = "QSScan", "..\QSProjects\QSScan\QSScan.csproj", "{DB2EEB00-FF15-4AF8-887D-E3261C31B173}"
EndProject
Project("{FAE04EC0-301F-11D3-BF4B-00C04F79EFBC}") = "QSSupportLib", "..\QSProjects\QSSupportLib\QSSupportLib.csproj", "{9DF71899-3CE4-48F4-B3C3-0B21B15037B1}"
EndProject
Project("{FAE04EC0-301F-11D3-BF4B-00C04F79EFBC}") = "QSTDI", "..\QSProjects\QSTDI\QSTDI.csproj", "{4B35C969-8C74-440F-8189-57047C9215FD}"
EndProject
Project("{FAE04EC0-301F-11D3-BF4B-00C04F79EFBC}") = "QSUpdater", "..\QSProjects\QSUpdater\QSUpdater.csproj", "{6D755374-6EAF-44B6-8C6C-6FE5E5AB3432}"
EndProject
Project("{FAE04EC0-301F-11D3-BF4B-00C04F79EFBC}") = "QSValidation", "..\QSProjects\QSValidation\QSValidation.csproj", "{CE5179E8-3172-4C08-9FE3-9C48C58A3831}"
EndProject
Project("{FAE04EC0-301F-11D3-BF4B-00C04F79EFBC}") = "QSWidgetLib", "..\QSProjects\QSWidgetLib\QSWidgetLib.csproj", "{5A2BB01E-E124-432E-8099-D1343D3897B9}"
EndProject
Project("{FAE04EC0-301F-11D3-BF4B-00C04F79EFBC}") = "QSHistoryLog", "..\QSProjects\QSHistoryLog\QSHistoryLog.csproj", "{1C3B49FC-372C-46F7-995F-EEB44474E2DE}"
EndProject
Project("{FAE04EC0-301F-11D3-BF4B-00C04F79EFBC}") = "QSReport", "..\QSProjects\QSReport\QSReport.csproj", "{9C0363D4-EE69-45B8-BA45-BDA24CE35A06}"
EndProject
Project("{FAE04EC0-301F-11D3-BF4B-00C04F79EFBC}") = "QSBugReporting", "..\QSProjects\QSBugReporting\QSBugReporting.csproj", "{F8E01CD3-8BDD-403B-8264-0ED24AC3FA21}"
EndProject
Project("{FAE04EC0-301F-11D3-BF4B-00C04F79EFBC}") = "QSOsm", "..\QSProjects\QSOsm\QSOsm.csproj", "{5CFB297D-4964-4CBD-9102-A5E795BE7B85}"
EndProject
Project("{FAE04EC0-301F-11D3-BF4B-00C04F79EFBC}") = "QSMachineConfig", "..\QSProjects\QSMachineConfig\QSMachineConfig.csproj", "{769710D2-BF98-4120-9E07-67BD740CFA1D}"
EndProject
Project("{FAE04EC0-301F-11D3-BF4B-00C04F79EFBC}") = "VodovozBusiness", "VodovozBusiness\VodovozBusiness.csproj", "{022DD59D-0EEE-420F-9750-EB275772F56A}"
EndProject
Project("{FAE04EC0-301F-11D3-BF4B-00C04F79EFBC}") = "Chat", "..\VodovozService\Chat\Chat.csproj", "{4E951BE3-3485-47E8-B7DF-5A098034A90E}"
EndProject
Global
	GlobalSection(SolutionConfigurationPlatforms) = preSolution
		Debug|x86 = Debug|x86
		Release|x86 = Release|x86
		Debug|x64 = Debug|x64
		Release|x64 = Release|x64
		BundleLinux|Any CPU = BundleLinux|Any CPU
		BundleLinux|x86 = BundleLinux|x86
		BundleLinux|x64 = BundleLinux|x64
		v4.0-Debug|Any CPU = v4.0-Debug|Any CPU
		v4.0-Release|Any CPU = v4.0-Release|Any CPU
		Debug-short|x86 = Debug-short|x86
	EndGlobalSection
	GlobalSection(ProjectConfigurationPlatforms) = postSolution
		{00D32969-612C-417E-9565-BEC6A7719F80}.BundleLinux|Any CPU.ActiveCfg = Debug|Any CPU
		{00D32969-612C-417E-9565-BEC6A7719F80}.BundleLinux|Any CPU.Build.0 = Debug|Any CPU
		{00D32969-612C-417E-9565-BEC6A7719F80}.BundleLinux|x64.ActiveCfg = Debug|Any CPU
		{00D32969-612C-417E-9565-BEC6A7719F80}.BundleLinux|x64.Build.0 = Debug|Any CPU
		{00D32969-612C-417E-9565-BEC6A7719F80}.BundleLinux|x86.ActiveCfg = Debug|Any CPU
		{00D32969-612C-417E-9565-BEC6A7719F80}.BundleLinux|x86.Build.0 = Debug|Any CPU
		{00D32969-612C-417E-9565-BEC6A7719F80}.Debug|x64.ActiveCfg = Debug|Any CPU
		{00D32969-612C-417E-9565-BEC6A7719F80}.Debug|x64.Build.0 = Debug|Any CPU
		{00D32969-612C-417E-9565-BEC6A7719F80}.Debug|x86.ActiveCfg = Debug-OldBindings|Any CPU
		{00D32969-612C-417E-9565-BEC6A7719F80}.Debug|x86.Build.0 = Debug-OldBindings|Any CPU
		{00D32969-612C-417E-9565-BEC6A7719F80}.Debug-short|x86.ActiveCfg = Debug-OldBindings|Any CPU
		{00D32969-612C-417E-9565-BEC6A7719F80}.Debug-short|x86.Build.0 = Debug-OldBindings|Any CPU
		{00D32969-612C-417E-9565-BEC6A7719F80}.Release|x64.ActiveCfg = Release|Any CPU
		{00D32969-612C-417E-9565-BEC6A7719F80}.Release|x64.Build.0 = Release|Any CPU
		{00D32969-612C-417E-9565-BEC6A7719F80}.Release|x86.ActiveCfg = Release|Any CPU
		{00D32969-612C-417E-9565-BEC6A7719F80}.Release|x86.Build.0 = Release|Any CPU
		{00D32969-612C-417E-9565-BEC6A7719F80}.v4.0-Debug|Any CPU.ActiveCfg = Debug|Any CPU
		{00D32969-612C-417E-9565-BEC6A7719F80}.v4.0-Debug|Any CPU.Build.0 = Debug|Any CPU
		{00D32969-612C-417E-9565-BEC6A7719F80}.v4.0-Release|Any CPU.ActiveCfg = Debug|Any CPU
		{00D32969-612C-417E-9565-BEC6A7719F80}.v4.0-Release|Any CPU.Build.0 = Debug|Any CPU
		{022DD59D-0EEE-420F-9750-EB275772F56A}.BundleLinux|Any CPU.ActiveCfg = Debug|Any CPU
		{022DD59D-0EEE-420F-9750-EB275772F56A}.BundleLinux|Any CPU.Build.0 = Debug|Any CPU
		{022DD59D-0EEE-420F-9750-EB275772F56A}.BundleLinux|x64.ActiveCfg = Debug|Any CPU
		{022DD59D-0EEE-420F-9750-EB275772F56A}.BundleLinux|x64.Build.0 = Debug|Any CPU
		{022DD59D-0EEE-420F-9750-EB275772F56A}.BundleLinux|x86.ActiveCfg = Debug|Any CPU
		{022DD59D-0EEE-420F-9750-EB275772F56A}.BundleLinux|x86.Build.0 = Debug|Any CPU
		{022DD59D-0EEE-420F-9750-EB275772F56A}.Debug|x64.ActiveCfg = Debug|Any CPU
		{022DD59D-0EEE-420F-9750-EB275772F56A}.Debug|x64.Build.0 = Debug|Any CPU
		{022DD59D-0EEE-420F-9750-EB275772F56A}.Debug|x86.ActiveCfg = Debug|Any CPU
		{022DD59D-0EEE-420F-9750-EB275772F56A}.Debug|x86.Build.0 = Debug|Any CPU
		{022DD59D-0EEE-420F-9750-EB275772F56A}.Debug-short|x86.ActiveCfg = Debug-short|Any CPU
		{022DD59D-0EEE-420F-9750-EB275772F56A}.Debug-short|x86.Build.0 = Debug-short|Any CPU
		{022DD59D-0EEE-420F-9750-EB275772F56A}.Release|x64.ActiveCfg = Release|Any CPU
		{022DD59D-0EEE-420F-9750-EB275772F56A}.Release|x64.Build.0 = Release|Any CPU
		{022DD59D-0EEE-420F-9750-EB275772F56A}.Release|x86.ActiveCfg = Release|Any CPU
		{022DD59D-0EEE-420F-9750-EB275772F56A}.Release|x86.Build.0 = Release|Any CPU
		{022DD59D-0EEE-420F-9750-EB275772F56A}.v4.0-Debug|Any CPU.ActiveCfg = Debug|Any CPU
		{022DD59D-0EEE-420F-9750-EB275772F56A}.v4.0-Debug|Any CPU.Build.0 = Debug|Any CPU
		{022DD59D-0EEE-420F-9750-EB275772F56A}.v4.0-Release|Any CPU.ActiveCfg = Debug|Any CPU
		{022DD59D-0EEE-420F-9750-EB275772F56A}.v4.0-Release|Any CPU.Build.0 = Debug|Any CPU
		{190CEA0D-EA23-4C91-8030-203A5AFED7B7}.BundleLinux|Any CPU.ActiveCfg = Debug|Any CPU
		{190CEA0D-EA23-4C91-8030-203A5AFED7B7}.BundleLinux|Any CPU.Build.0 = Debug|Any CPU
		{190CEA0D-EA23-4C91-8030-203A5AFED7B7}.BundleLinux|x64.ActiveCfg = Debug|Any CPU
		{190CEA0D-EA23-4C91-8030-203A5AFED7B7}.BundleLinux|x64.Build.0 = Debug|Any CPU
		{190CEA0D-EA23-4C91-8030-203A5AFED7B7}.BundleLinux|x86.ActiveCfg = Debug|Any CPU
		{190CEA0D-EA23-4C91-8030-203A5AFED7B7}.BundleLinux|x86.Build.0 = Debug|Any CPU
		{190CEA0D-EA23-4C91-8030-203A5AFED7B7}.Debug|x64.ActiveCfg = Debug|Any CPU
		{190CEA0D-EA23-4C91-8030-203A5AFED7B7}.Debug|x64.Build.0 = Debug|Any CPU
		{190CEA0D-EA23-4C91-8030-203A5AFED7B7}.Debug|x86.ActiveCfg = Debug|Any CPU
		{190CEA0D-EA23-4C91-8030-203A5AFED7B7}.Debug|x86.Build.0 = Debug|Any CPU
		{190CEA0D-EA23-4C91-8030-203A5AFED7B7}.Debug-short|x86.ActiveCfg = Debug|Any CPU
		{190CEA0D-EA23-4C91-8030-203A5AFED7B7}.Debug-short|x86.Build.0 = Debug|Any CPU
		{190CEA0D-EA23-4C91-8030-203A5AFED7B7}.Release|x64.ActiveCfg = Release|Any CPU
		{190CEA0D-EA23-4C91-8030-203A5AFED7B7}.Release|x64.Build.0 = Release|Any CPU
		{190CEA0D-EA23-4C91-8030-203A5AFED7B7}.Release|x86.ActiveCfg = Release|Any CPU
		{190CEA0D-EA23-4C91-8030-203A5AFED7B7}.Release|x86.Build.0 = Release|Any CPU
		{190CEA0D-EA23-4C91-8030-203A5AFED7B7}.v4.0-Debug|Any CPU.ActiveCfg = Debug|Any CPU
		{190CEA0D-EA23-4C91-8030-203A5AFED7B7}.v4.0-Debug|Any CPU.Build.0 = Debug|Any CPU
		{190CEA0D-EA23-4C91-8030-203A5AFED7B7}.v4.0-Release|Any CPU.ActiveCfg = Debug|Any CPU
		{190CEA0D-EA23-4C91-8030-203A5AFED7B7}.v4.0-Release|Any CPU.Build.0 = Debug|Any CPU
		{1BF2A638-420D-456C-96A7-36873A0FB894}.BundleLinux|Any CPU.ActiveCfg = Debug|Any CPU
		{1BF2A638-420D-456C-96A7-36873A0FB894}.BundleLinux|Any CPU.Build.0 = Debug|Any CPU
		{1BF2A638-420D-456C-96A7-36873A0FB894}.BundleLinux|x64.ActiveCfg = Debug|Any CPU
		{1BF2A638-420D-456C-96A7-36873A0FB894}.BundleLinux|x64.Build.0 = Debug|Any CPU
		{1BF2A638-420D-456C-96A7-36873A0FB894}.BundleLinux|x86.ActiveCfg = Debug|Any CPU
		{1BF2A638-420D-456C-96A7-36873A0FB894}.BundleLinux|x86.Build.0 = Debug|Any CPU
		{1BF2A638-420D-456C-96A7-36873A0FB894}.Debug|x64.ActiveCfg = Debug|Any CPU
		{1BF2A638-420D-456C-96A7-36873A0FB894}.Debug|x64.Build.0 = Debug|Any CPU
		{1BF2A638-420D-456C-96A7-36873A0FB894}.Debug|x86.ActiveCfg = Debug|Any CPU
		{1BF2A638-420D-456C-96A7-36873A0FB894}.Debug|x86.Build.0 = Debug|Any CPU
		{1BF2A638-420D-456C-96A7-36873A0FB894}.Debug-short|x86.ActiveCfg = Debug|Any CPU
		{1BF2A638-420D-456C-96A7-36873A0FB894}.Debug-short|x86.Build.0 = Debug|Any CPU
		{1BF2A638-420D-456C-96A7-36873A0FB894}.Release|x64.ActiveCfg = Release|Any CPU
		{1BF2A638-420D-456C-96A7-36873A0FB894}.Release|x64.Build.0 = Release|Any CPU
		{1BF2A638-420D-456C-96A7-36873A0FB894}.Release|x86.ActiveCfg = Release|Any CPU
		{1BF2A638-420D-456C-96A7-36873A0FB894}.Release|x86.Build.0 = Release|Any CPU
		{1BF2A638-420D-456C-96A7-36873A0FB894}.v4.0-Debug|Any CPU.ActiveCfg = Debug|Any CPU
		{1BF2A638-420D-456C-96A7-36873A0FB894}.v4.0-Debug|Any CPU.Build.0 = Debug|Any CPU
		{1BF2A638-420D-456C-96A7-36873A0FB894}.v4.0-Release|Any CPU.ActiveCfg = Debug|Any CPU
		{1BF2A638-420D-456C-96A7-36873A0FB894}.v4.0-Release|Any CPU.Build.0 = Debug|Any CPU
		{1C3B49FC-372C-46F7-995F-EEB44474E2DE}.BundleLinux|Any CPU.ActiveCfg = Debug|Any CPU
		{1C3B49FC-372C-46F7-995F-EEB44474E2DE}.BundleLinux|Any CPU.Build.0 = Debug|Any CPU
		{1C3B49FC-372C-46F7-995F-EEB44474E2DE}.BundleLinux|x64.ActiveCfg = Debug|Any CPU
		{1C3B49FC-372C-46F7-995F-EEB44474E2DE}.BundleLinux|x64.Build.0 = Debug|Any CPU
		{1C3B49FC-372C-46F7-995F-EEB44474E2DE}.BundleLinux|x86.ActiveCfg = Debug|Any CPU
		{1C3B49FC-372C-46F7-995F-EEB44474E2DE}.BundleLinux|x86.Build.0 = Debug|Any CPU
		{1C3B49FC-372C-46F7-995F-EEB44474E2DE}.Debug|x64.ActiveCfg = Debug|Any CPU
		{1C3B49FC-372C-46F7-995F-EEB44474E2DE}.Debug|x64.Build.0 = Debug|Any CPU
		{1C3B49FC-372C-46F7-995F-EEB44474E2DE}.Debug|x86.ActiveCfg = Debug|Any CPU
		{1C3B49FC-372C-46F7-995F-EEB44474E2DE}.Debug|x86.Build.0 = Debug|Any CPU
		{1C3B49FC-372C-46F7-995F-EEB44474E2DE}.Debug-short|x86.ActiveCfg = Debug|Any CPU
		{1C3B49FC-372C-46F7-995F-EEB44474E2DE}.Debug-short|x86.Build.0 = Debug|Any CPU
		{1C3B49FC-372C-46F7-995F-EEB44474E2DE}.Release|x64.ActiveCfg = Release|Any CPU
		{1C3B49FC-372C-46F7-995F-EEB44474E2DE}.Release|x64.Build.0 = Release|Any CPU
		{1C3B49FC-372C-46F7-995F-EEB44474E2DE}.Release|x86.ActiveCfg = Release|Any CPU
		{1C3B49FC-372C-46F7-995F-EEB44474E2DE}.Release|x86.Build.0 = Release|Any CPU
		{1C3B49FC-372C-46F7-995F-EEB44474E2DE}.v4.0-Debug|Any CPU.ActiveCfg = Debug|Any CPU
		{1C3B49FC-372C-46F7-995F-EEB44474E2DE}.v4.0-Debug|Any CPU.Build.0 = Debug|Any CPU
		{1C3B49FC-372C-46F7-995F-EEB44474E2DE}.v4.0-Release|Any CPU.ActiveCfg = Debug|Any CPU
		{1C3B49FC-372C-46F7-995F-EEB44474E2DE}.v4.0-Release|Any CPU.Build.0 = Debug|Any CPU
		{4B35C969-8C74-440F-8189-57047C9215FD}.BundleLinux|Any CPU.ActiveCfg = Debug|Any CPU
		{4B35C969-8C74-440F-8189-57047C9215FD}.BundleLinux|Any CPU.Build.0 = Debug|Any CPU
		{4B35C969-8C74-440F-8189-57047C9215FD}.BundleLinux|x64.ActiveCfg = Debug|Any CPU
		{4B35C969-8C74-440F-8189-57047C9215FD}.BundleLinux|x64.Build.0 = Debug|Any CPU
		{4B35C969-8C74-440F-8189-57047C9215FD}.BundleLinux|x86.ActiveCfg = Debug|Any CPU
		{4B35C969-8C74-440F-8189-57047C9215FD}.BundleLinux|x86.Build.0 = Debug|Any CPU
		{4B35C969-8C74-440F-8189-57047C9215FD}.Debug|x64.ActiveCfg = Debug|Any CPU
		{4B35C969-8C74-440F-8189-57047C9215FD}.Debug|x64.Build.0 = Debug|Any CPU
		{4B35C969-8C74-440F-8189-57047C9215FD}.Debug|x86.ActiveCfg = Debug|Any CPU
		{4B35C969-8C74-440F-8189-57047C9215FD}.Debug|x86.Build.0 = Debug|Any CPU
		{4B35C969-8C74-440F-8189-57047C9215FD}.Debug-short|x86.ActiveCfg = Debug|Any CPU
		{4B35C969-8C74-440F-8189-57047C9215FD}.Debug-short|x86.Build.0 = Debug|Any CPU
		{4B35C969-8C74-440F-8189-57047C9215FD}.Release|x64.ActiveCfg = Release|Any CPU
		{4B35C969-8C74-440F-8189-57047C9215FD}.Release|x64.Build.0 = Release|Any CPU
		{4B35C969-8C74-440F-8189-57047C9215FD}.Release|x86.ActiveCfg = Release|Any CPU
		{4B35C969-8C74-440F-8189-57047C9215FD}.Release|x86.Build.0 = Release|Any CPU
		{4B35C969-8C74-440F-8189-57047C9215FD}.v4.0-Debug|Any CPU.ActiveCfg = Debug|Any CPU
		{4B35C969-8C74-440F-8189-57047C9215FD}.v4.0-Debug|Any CPU.Build.0 = Debug|Any CPU
		{4B35C969-8C74-440F-8189-57047C9215FD}.v4.0-Release|Any CPU.ActiveCfg = Debug|Any CPU
		{4B35C969-8C74-440F-8189-57047C9215FD}.v4.0-Release|Any CPU.Build.0 = Debug|Any CPU
		{4B502FE5-D419-4B5C-9276-0A25EF2F508A}.BundleLinux|Any CPU.ActiveCfg = Debug|x86
		{4B502FE5-D419-4B5C-9276-0A25EF2F508A}.BundleLinux|Any CPU.Build.0 = Debug|x86
		{4B502FE5-D419-4B5C-9276-0A25EF2F508A}.BundleLinux|x64.ActiveCfg = Debug|x86
		{4B502FE5-D419-4B5C-9276-0A25EF2F508A}.BundleLinux|x64.Build.0 = Debug|x86
		{4B502FE5-D419-4B5C-9276-0A25EF2F508A}.BundleLinux|x86.ActiveCfg = Debug|x86
		{4B502FE5-D419-4B5C-9276-0A25EF2F508A}.BundleLinux|x86.Build.0 = Debug|x86
		{4B502FE5-D419-4B5C-9276-0A25EF2F508A}.Debug|x64.ActiveCfg = Debug|x86
		{4B502FE5-D419-4B5C-9276-0A25EF2F508A}.Debug|x64.Build.0 = Debug|x86
		{4B502FE5-D419-4B5C-9276-0A25EF2F508A}.Debug|x86.ActiveCfg = Debug|x86
		{4B502FE5-D419-4B5C-9276-0A25EF2F508A}.Debug|x86.Build.0 = Debug|x86
		{4B502FE5-D419-4B5C-9276-0A25EF2F508A}.Debug-short|x86.ActiveCfg = Debug|x86
		{4B502FE5-D419-4B5C-9276-0A25EF2F508A}.Debug-short|x86.Build.0 = Debug|x86
		{4B502FE5-D419-4B5C-9276-0A25EF2F508A}.Release|x64.ActiveCfg = Release|x86
		{4B502FE5-D419-4B5C-9276-0A25EF2F508A}.Release|x64.Build.0 = Release|x86
		{4B502FE5-D419-4B5C-9276-0A25EF2F508A}.Release|x86.ActiveCfg = Release|x86
		{4B502FE5-D419-4B5C-9276-0A25EF2F508A}.Release|x86.Build.0 = Release|x86
		{4B502FE5-D419-4B5C-9276-0A25EF2F508A}.v4.0-Debug|Any CPU.ActiveCfg = Debug|x86
		{4B502FE5-D419-4B5C-9276-0A25EF2F508A}.v4.0-Debug|Any CPU.Build.0 = Debug|x86
		{4B502FE5-D419-4B5C-9276-0A25EF2F508A}.v4.0-Release|Any CPU.ActiveCfg = Debug|x86
		{4B502FE5-D419-4B5C-9276-0A25EF2F508A}.v4.0-Release|Any CPU.Build.0 = Debug|x86
		{4E951BE3-3485-47E8-B7DF-5A098034A90E}.BundleLinux|Any CPU.ActiveCfg = Debug|Any CPU
		{4E951BE3-3485-47E8-B7DF-5A098034A90E}.BundleLinux|Any CPU.Build.0 = Debug|Any CPU
		{4E951BE3-3485-47E8-B7DF-5A098034A90E}.BundleLinux|x64.ActiveCfg = Debug|Any CPU
		{4E951BE3-3485-47E8-B7DF-5A098034A90E}.BundleLinux|x64.Build.0 = Debug|Any CPU
		{4E951BE3-3485-47E8-B7DF-5A098034A90E}.BundleLinux|x86.ActiveCfg = Debug|Any CPU
		{4E951BE3-3485-47E8-B7DF-5A098034A90E}.BundleLinux|x86.Build.0 = Debug|Any CPU
		{4E951BE3-3485-47E8-B7DF-5A098034A90E}.Debug|x64.ActiveCfg = Debug|Any CPU
		{4E951BE3-3485-47E8-B7DF-5A098034A90E}.Debug|x64.Build.0 = Debug|Any CPU
		{4E951BE3-3485-47E8-B7DF-5A098034A90E}.Debug|x86.ActiveCfg = Debug|Any CPU
		{4E951BE3-3485-47E8-B7DF-5A098034A90E}.Debug|x86.Build.0 = Debug|Any CPU
		{4E951BE3-3485-47E8-B7DF-5A098034A90E}.Debug-short|x86.ActiveCfg = Debug|Any CPU
		{4E951BE3-3485-47E8-B7DF-5A098034A90E}.Debug-short|x86.Build.0 = Debug|Any CPU
		{4E951BE3-3485-47E8-B7DF-5A098034A90E}.Release|x64.ActiveCfg = Release|Any CPU
		{4E951BE3-3485-47E8-B7DF-5A098034A90E}.Release|x64.Build.0 = Release|Any CPU
		{4E951BE3-3485-47E8-B7DF-5A098034A90E}.Release|x86.ActiveCfg = Release|Any CPU
		{4E951BE3-3485-47E8-B7DF-5A098034A90E}.Release|x86.Build.0 = Release|Any CPU
		{4E951BE3-3485-47E8-B7DF-5A098034A90E}.v4.0-Debug|Any CPU.ActiveCfg = Debug|Any CPU
		{4E951BE3-3485-47E8-B7DF-5A098034A90E}.v4.0-Debug|Any CPU.Build.0 = Debug|Any CPU
		{4E951BE3-3485-47E8-B7DF-5A098034A90E}.v4.0-Release|Any CPU.ActiveCfg = Debug|Any CPU
		{4E951BE3-3485-47E8-B7DF-5A098034A90E}.v4.0-Release|Any CPU.Build.0 = Debug|Any CPU
		{54F958F5-7E58-4C89-9A04-8835E63B97C3}.BundleLinux|Any CPU.ActiveCfg = Debug|Any CPU
		{54F958F5-7E58-4C89-9A04-8835E63B97C3}.BundleLinux|Any CPU.Build.0 = Debug|Any CPU
		{54F958F5-7E58-4C89-9A04-8835E63B97C3}.BundleLinux|x64.ActiveCfg = Debug|Any CPU
		{54F958F5-7E58-4C89-9A04-8835E63B97C3}.BundleLinux|x64.Build.0 = Debug|Any CPU
		{54F958F5-7E58-4C89-9A04-8835E63B97C3}.BundleLinux|x86.ActiveCfg = Debug|Any CPU
		{54F958F5-7E58-4C89-9A04-8835E63B97C3}.BundleLinux|x86.Build.0 = Debug|Any CPU
		{54F958F5-7E58-4C89-9A04-8835E63B97C3}.Debug|x64.ActiveCfg = Debug|Any CPU
		{54F958F5-7E58-4C89-9A04-8835E63B97C3}.Debug|x64.Build.0 = Debug|Any CPU
		{54F958F5-7E58-4C89-9A04-8835E63B97C3}.Debug|x86.ActiveCfg = Debug|Any CPU
		{54F958F5-7E58-4C89-9A04-8835E63B97C3}.Debug|x86.Build.0 = Debug|Any CPU
		{54F958F5-7E58-4C89-9A04-8835E63B97C3}.Debug-short|x86.ActiveCfg = Debug|Any CPU
		{54F958F5-7E58-4C89-9A04-8835E63B97C3}.Debug-short|x86.Build.0 = Debug|Any CPU
		{54F958F5-7E58-4C89-9A04-8835E63B97C3}.Release|x64.ActiveCfg = Release|Any CPU
		{54F958F5-7E58-4C89-9A04-8835E63B97C3}.Release|x64.Build.0 = Release|Any CPU
		{54F958F5-7E58-4C89-9A04-8835E63B97C3}.Release|x86.ActiveCfg = Release|Any CPU
		{54F958F5-7E58-4C89-9A04-8835E63B97C3}.Release|x86.Build.0 = Release|Any CPU
		{54F958F5-7E58-4C89-9A04-8835E63B97C3}.v4.0-Debug|Any CPU.ActiveCfg = Debug|Any CPU
		{54F958F5-7E58-4C89-9A04-8835E63B97C3}.v4.0-Debug|Any CPU.Build.0 = Debug|Any CPU
		{54F958F5-7E58-4C89-9A04-8835E63B97C3}.v4.0-Release|Any CPU.ActiveCfg = Debug|Any CPU
		{54F958F5-7E58-4C89-9A04-8835E63B97C3}.v4.0-Release|Any CPU.Build.0 = Debug|Any CPU
		{55CD5E7C-3164-4A5D-9DA8-F29F5E9D170C}.BundleLinux|Any CPU.ActiveCfg = Debug|Any CPU
		{55CD5E7C-3164-4A5D-9DA8-F29F5E9D170C}.BundleLinux|Any CPU.Build.0 = Debug|Any CPU
		{55CD5E7C-3164-4A5D-9DA8-F29F5E9D170C}.BundleLinux|x64.ActiveCfg = Debug|Any CPU
		{55CD5E7C-3164-4A5D-9DA8-F29F5E9D170C}.BundleLinux|x64.Build.0 = Debug|Any CPU
		{55CD5E7C-3164-4A5D-9DA8-F29F5E9D170C}.BundleLinux|x86.ActiveCfg = Debug|Any CPU
		{55CD5E7C-3164-4A5D-9DA8-F29F5E9D170C}.BundleLinux|x86.Build.0 = Debug|Any CPU
		{55CD5E7C-3164-4A5D-9DA8-F29F5E9D170C}.Debug|x64.ActiveCfg = Debug|Any CPU
		{55CD5E7C-3164-4A5D-9DA8-F29F5E9D170C}.Debug|x64.Build.0 = Debug|Any CPU
		{55CD5E7C-3164-4A5D-9DA8-F29F5E9D170C}.Debug|x86.ActiveCfg = Debug|Any CPU
		{55CD5E7C-3164-4A5D-9DA8-F29F5E9D170C}.Debug|x86.Build.0 = Debug|Any CPU
		{55CD5E7C-3164-4A5D-9DA8-F29F5E9D170C}.Debug-short|x86.ActiveCfg = Debug|Any CPU
		{55CD5E7C-3164-4A5D-9DA8-F29F5E9D170C}.Debug-short|x86.Build.0 = Debug|Any CPU
		{55CD5E7C-3164-4A5D-9DA8-F29F5E9D170C}.Release|x64.ActiveCfg = Release|Any CPU
		{55CD5E7C-3164-4A5D-9DA8-F29F5E9D170C}.Release|x64.Build.0 = Release|Any CPU
		{55CD5E7C-3164-4A5D-9DA8-F29F5E9D170C}.Release|x86.ActiveCfg = Release|Any CPU
		{55CD5E7C-3164-4A5D-9DA8-F29F5E9D170C}.Release|x86.Build.0 = Release|Any CPU
		{55CD5E7C-3164-4A5D-9DA8-F29F5E9D170C}.v4.0-Debug|Any CPU.ActiveCfg = Debug|Any CPU
		{55CD5E7C-3164-4A5D-9DA8-F29F5E9D170C}.v4.0-Debug|Any CPU.Build.0 = Debug|Any CPU
		{55CD5E7C-3164-4A5D-9DA8-F29F5E9D170C}.v4.0-Release|Any CPU.ActiveCfg = Debug|Any CPU
		{55CD5E7C-3164-4A5D-9DA8-F29F5E9D170C}.v4.0-Release|Any CPU.Build.0 = Debug|Any CPU
		{5A2BB01E-E124-432E-8099-D1343D3897B9}.BundleLinux|Any CPU.ActiveCfg = Debug|Any CPU
		{5A2BB01E-E124-432E-8099-D1343D3897B9}.BundleLinux|Any CPU.Build.0 = Debug|Any CPU
		{5A2BB01E-E124-432E-8099-D1343D3897B9}.BundleLinux|x64.ActiveCfg = Debug|Any CPU
		{5A2BB01E-E124-432E-8099-D1343D3897B9}.BundleLinux|x64.Build.0 = Debug|Any CPU
		{5A2BB01E-E124-432E-8099-D1343D3897B9}.BundleLinux|x86.ActiveCfg = Debug|Any CPU
		{5A2BB01E-E124-432E-8099-D1343D3897B9}.BundleLinux|x86.Build.0 = Debug|Any CPU
		{5A2BB01E-E124-432E-8099-D1343D3897B9}.Debug|x64.ActiveCfg = Debug|Any CPU
		{5A2BB01E-E124-432E-8099-D1343D3897B9}.Debug|x64.Build.0 = Debug|Any CPU
		{5A2BB01E-E124-432E-8099-D1343D3897B9}.Debug|x86.ActiveCfg = Debug|Any CPU
		{5A2BB01E-E124-432E-8099-D1343D3897B9}.Debug|x86.Build.0 = Debug|Any CPU
		{5A2BB01E-E124-432E-8099-D1343D3897B9}.Debug-short|x86.ActiveCfg = Debug|Any CPU
		{5A2BB01E-E124-432E-8099-D1343D3897B9}.Debug-short|x86.Build.0 = Debug|Any CPU
		{5A2BB01E-E124-432E-8099-D1343D3897B9}.Release|x64.ActiveCfg = Release|Any CPU
		{5A2BB01E-E124-432E-8099-D1343D3897B9}.Release|x64.Build.0 = Release|Any CPU
		{5A2BB01E-E124-432E-8099-D1343D3897B9}.Release|x86.ActiveCfg = Release|Any CPU
		{5A2BB01E-E124-432E-8099-D1343D3897B9}.Release|x86.Build.0 = Release|Any CPU
		{5A2BB01E-E124-432E-8099-D1343D3897B9}.v4.0-Debug|Any CPU.ActiveCfg = Debug|Any CPU
		{5A2BB01E-E124-432E-8099-D1343D3897B9}.v4.0-Debug|Any CPU.Build.0 = Debug|Any CPU
		{5A2BB01E-E124-432E-8099-D1343D3897B9}.v4.0-Release|Any CPU.ActiveCfg = Debug|Any CPU
		{5A2BB01E-E124-432E-8099-D1343D3897B9}.v4.0-Release|Any CPU.Build.0 = Debug|Any CPU
		{5CFB297D-4964-4CBD-9102-A5E795BE7B85}.BundleLinux|Any CPU.ActiveCfg = Debug|Any CPU
		{5CFB297D-4964-4CBD-9102-A5E795BE7B85}.BundleLinux|Any CPU.Build.0 = Debug|Any CPU
		{5CFB297D-4964-4CBD-9102-A5E795BE7B85}.BundleLinux|x64.ActiveCfg = Debug|Any CPU
		{5CFB297D-4964-4CBD-9102-A5E795BE7B85}.BundleLinux|x64.Build.0 = Debug|Any CPU
		{5CFB297D-4964-4CBD-9102-A5E795BE7B85}.BundleLinux|x86.ActiveCfg = Debug|Any CPU
		{5CFB297D-4964-4CBD-9102-A5E795BE7B85}.BundleLinux|x86.Build.0 = Debug|Any CPU
		{5CFB297D-4964-4CBD-9102-A5E795BE7B85}.Debug|x64.ActiveCfg = Debug|Any CPU
		{5CFB297D-4964-4CBD-9102-A5E795BE7B85}.Debug|x64.Build.0 = Debug|Any CPU
		{5CFB297D-4964-4CBD-9102-A5E795BE7B85}.Debug|x86.ActiveCfg = Debug|Any CPU
		{5CFB297D-4964-4CBD-9102-A5E795BE7B85}.Debug|x86.Build.0 = Debug|Any CPU
		{5CFB297D-4964-4CBD-9102-A5E795BE7B85}.Debug-short|x86.ActiveCfg = Debug|Any CPU
		{5CFB297D-4964-4CBD-9102-A5E795BE7B85}.Debug-short|x86.Build.0 = Debug|Any CPU
		{5CFB297D-4964-4CBD-9102-A5E795BE7B85}.Release|x64.ActiveCfg = Release|Any CPU
		{5CFB297D-4964-4CBD-9102-A5E795BE7B85}.Release|x64.Build.0 = Release|Any CPU
		{5CFB297D-4964-4CBD-9102-A5E795BE7B85}.Release|x86.ActiveCfg = Release|Any CPU
		{5CFB297D-4964-4CBD-9102-A5E795BE7B85}.Release|x86.Build.0 = Release|Any CPU
		{5CFB297D-4964-4CBD-9102-A5E795BE7B85}.v4.0-Debug|Any CPU.ActiveCfg = Debug|Any CPU
		{5CFB297D-4964-4CBD-9102-A5E795BE7B85}.v4.0-Debug|Any CPU.Build.0 = Debug|Any CPU
		{5CFB297D-4964-4CBD-9102-A5E795BE7B85}.v4.0-Release|Any CPU.ActiveCfg = Debug|Any CPU
		{5CFB297D-4964-4CBD-9102-A5E795BE7B85}.v4.0-Release|Any CPU.Build.0 = Debug|Any CPU
		{6D755374-6EAF-44B6-8C6C-6FE5E5AB3432}.BundleLinux|Any CPU.ActiveCfg = Debug|x86
		{6D755374-6EAF-44B6-8C6C-6FE5E5AB3432}.BundleLinux|Any CPU.Build.0 = Debug|x86
		{6D755374-6EAF-44B6-8C6C-6FE5E5AB3432}.BundleLinux|x64.ActiveCfg = Debug|x86
		{6D755374-6EAF-44B6-8C6C-6FE5E5AB3432}.BundleLinux|x64.Build.0 = Debug|x86
		{6D755374-6EAF-44B6-8C6C-6FE5E5AB3432}.BundleLinux|x86.ActiveCfg = Debug|x86
		{6D755374-6EAF-44B6-8C6C-6FE5E5AB3432}.BundleLinux|x86.Build.0 = Debug|x86
		{6D755374-6EAF-44B6-8C6C-6FE5E5AB3432}.Debug|x64.ActiveCfg = Debug|x86
		{6D755374-6EAF-44B6-8C6C-6FE5E5AB3432}.Debug|x64.Build.0 = Debug|x86
		{6D755374-6EAF-44B6-8C6C-6FE5E5AB3432}.Debug|x86.ActiveCfg = Debug|x86
		{6D755374-6EAF-44B6-8C6C-6FE5E5AB3432}.Debug|x86.Build.0 = Debug|x86
		{6D755374-6EAF-44B6-8C6C-6FE5E5AB3432}.Debug-short|x86.ActiveCfg = Debug|x86
		{6D755374-6EAF-44B6-8C6C-6FE5E5AB3432}.Debug-short|x86.Build.0 = Debug|x86
		{6D755374-6EAF-44B6-8C6C-6FE5E5AB3432}.Release|x64.ActiveCfg = Release|x86
		{6D755374-6EAF-44B6-8C6C-6FE5E5AB3432}.Release|x64.Build.0 = Release|x86
		{6D755374-6EAF-44B6-8C6C-6FE5E5AB3432}.Release|x86.ActiveCfg = Release|x86
		{6D755374-6EAF-44B6-8C6C-6FE5E5AB3432}.Release|x86.Build.0 = Release|x86
		{6D755374-6EAF-44B6-8C6C-6FE5E5AB3432}.v4.0-Debug|Any CPU.ActiveCfg = Debug|x86
		{6D755374-6EAF-44B6-8C6C-6FE5E5AB3432}.v4.0-Debug|Any CPU.Build.0 = Debug|x86
		{6D755374-6EAF-44B6-8C6C-6FE5E5AB3432}.v4.0-Release|Any CPU.ActiveCfg = Debug|x86
		{6D755374-6EAF-44B6-8C6C-6FE5E5AB3432}.v4.0-Release|Any CPU.Build.0 = Debug|x86
		{769710D2-BF98-4120-9E07-67BD740CFA1D}.BundleLinux|Any CPU.ActiveCfg = Debug|Any CPU
		{769710D2-BF98-4120-9E07-67BD740CFA1D}.BundleLinux|Any CPU.Build.0 = Debug|Any CPU
		{769710D2-BF98-4120-9E07-67BD740CFA1D}.BundleLinux|x64.ActiveCfg = Debug|Any CPU
		{769710D2-BF98-4120-9E07-67BD740CFA1D}.BundleLinux|x64.Build.0 = Debug|Any CPU
		{769710D2-BF98-4120-9E07-67BD740CFA1D}.BundleLinux|x86.ActiveCfg = Debug|Any CPU
		{769710D2-BF98-4120-9E07-67BD740CFA1D}.BundleLinux|x86.Build.0 = Debug|Any CPU
		{769710D2-BF98-4120-9E07-67BD740CFA1D}.Debug|x64.ActiveCfg = Debug|Any CPU
		{769710D2-BF98-4120-9E07-67BD740CFA1D}.Debug|x64.Build.0 = Debug|Any CPU
		{769710D2-BF98-4120-9E07-67BD740CFA1D}.Debug|x86.ActiveCfg = Debug|Any CPU
		{769710D2-BF98-4120-9E07-67BD740CFA1D}.Debug|x86.Build.0 = Debug|Any CPU
		{769710D2-BF98-4120-9E07-67BD740CFA1D}.Debug-short|x86.ActiveCfg = Debug|Any CPU
		{769710D2-BF98-4120-9E07-67BD740CFA1D}.Debug-short|x86.Build.0 = Debug|Any CPU
		{769710D2-BF98-4120-9E07-67BD740CFA1D}.Release|x64.ActiveCfg = Release|Any CPU
		{769710D2-BF98-4120-9E07-67BD740CFA1D}.Release|x64.Build.0 = Release|Any CPU
		{769710D2-BF98-4120-9E07-67BD740CFA1D}.Release|x86.ActiveCfg = Release|Any CPU
		{769710D2-BF98-4120-9E07-67BD740CFA1D}.Release|x86.Build.0 = Release|Any CPU
		{769710D2-BF98-4120-9E07-67BD740CFA1D}.v4.0-Debug|Any CPU.ActiveCfg = Debug|Any CPU
		{769710D2-BF98-4120-9E07-67BD740CFA1D}.v4.0-Debug|Any CPU.Build.0 = Debug|Any CPU
		{769710D2-BF98-4120-9E07-67BD740CFA1D}.v4.0-Release|Any CPU.ActiveCfg = Debug|Any CPU
		{769710D2-BF98-4120-9E07-67BD740CFA1D}.v4.0-Release|Any CPU.Build.0 = Debug|Any CPU
		{8D85E430-325A-4532-A123-BF28F9644DB4}.BundleLinux|Any CPU.ActiveCfg = Debug|Any CPU
		{8D85E430-325A-4532-A123-BF28F9644DB4}.BundleLinux|Any CPU.Build.0 = Debug|Any CPU
		{8D85E430-325A-4532-A123-BF28F9644DB4}.BundleLinux|x64.ActiveCfg = Debug|Any CPU
		{8D85E430-325A-4532-A123-BF28F9644DB4}.BundleLinux|x64.Build.0 = Debug|Any CPU
		{8D85E430-325A-4532-A123-BF28F9644DB4}.BundleLinux|x86.ActiveCfg = Debug|Any CPU
		{8D85E430-325A-4532-A123-BF28F9644DB4}.BundleLinux|x86.Build.0 = Debug|Any CPU
		{8D85E430-325A-4532-A123-BF28F9644DB4}.Debug|x64.ActiveCfg = Debug|Any CPU
		{8D85E430-325A-4532-A123-BF28F9644DB4}.Debug|x64.Build.0 = Debug|Any CPU
		{8D85E430-325A-4532-A123-BF28F9644DB4}.Debug|x86.ActiveCfg = Debug|Any CPU
		{8D85E430-325A-4532-A123-BF28F9644DB4}.Debug|x86.Build.0 = Debug|Any CPU
		{8D85E430-325A-4532-A123-BF28F9644DB4}.Debug-short|x86.ActiveCfg = Debug|Any CPU
		{8D85E430-325A-4532-A123-BF28F9644DB4}.Debug-short|x86.Build.0 = Debug|Any CPU
		{8D85E430-325A-4532-A123-BF28F9644DB4}.Release|x64.ActiveCfg = Release|Any CPU
		{8D85E430-325A-4532-A123-BF28F9644DB4}.Release|x64.Build.0 = Release|Any CPU
		{8D85E430-325A-4532-A123-BF28F9644DB4}.Release|x86.ActiveCfg = Release|Any CPU
		{8D85E430-325A-4532-A123-BF28F9644DB4}.Release|x86.Build.0 = Release|Any CPU
		{8D85E430-325A-4532-A123-BF28F9644DB4}.v4.0-Debug|Any CPU.ActiveCfg = Debug|Any CPU
		{8D85E430-325A-4532-A123-BF28F9644DB4}.v4.0-Debug|Any CPU.Build.0 = Debug|Any CPU
		{8D85E430-325A-4532-A123-BF28F9644DB4}.v4.0-Release|Any CPU.ActiveCfg = Debug|Any CPU
		{8D85E430-325A-4532-A123-BF28F9644DB4}.v4.0-Release|Any CPU.Build.0 = Debug|Any CPU
		{921488F1-F4FC-4438-920E-86E57442B253}.BundleLinux|Any CPU.ActiveCfg = Debug|x86
		{921488F1-F4FC-4438-920E-86E57442B253}.BundleLinux|Any CPU.Build.0 = Debug|x86
		{921488F1-F4FC-4438-920E-86E57442B253}.BundleLinux|x64.ActiveCfg = Debug|x86
		{921488F1-F4FC-4438-920E-86E57442B253}.BundleLinux|x64.Build.0 = Debug|x86
		{921488F1-F4FC-4438-920E-86E57442B253}.BundleLinux|x86.ActiveCfg = Debug|x86
		{921488F1-F4FC-4438-920E-86E57442B253}.BundleLinux|x86.Build.0 = Debug|x86
		{921488F1-F4FC-4438-920E-86E57442B253}.Debug|x64.ActiveCfg = Debug|x86
		{921488F1-F4FC-4438-920E-86E57442B253}.Debug|x64.Build.0 = Debug|x86
		{921488F1-F4FC-4438-920E-86E57442B253}.Debug|x86.ActiveCfg = Debug|x86
		{921488F1-F4FC-4438-920E-86E57442B253}.Debug|x86.Build.0 = Debug|x86
		{921488F1-F4FC-4438-920E-86E57442B253}.Debug-short|x86.ActiveCfg = Debug|x86
		{921488F1-F4FC-4438-920E-86E57442B253}.Debug-short|x86.Build.0 = Debug|x86
		{921488F1-F4FC-4438-920E-86E57442B253}.Release|x64.ActiveCfg = Release|x86
		{921488F1-F4FC-4438-920E-86E57442B253}.Release|x64.Build.0 = Release|x86
		{921488F1-F4FC-4438-920E-86E57442B253}.Release|x86.ActiveCfg = Release|x86
		{921488F1-F4FC-4438-920E-86E57442B253}.Release|x86.Build.0 = Release|x86
		{921488F1-F4FC-4438-920E-86E57442B253}.v4.0-Debug|Any CPU.ActiveCfg = Debug|x86
		{921488F1-F4FC-4438-920E-86E57442B253}.v4.0-Debug|Any CPU.Build.0 = Debug|x86
		{921488F1-F4FC-4438-920E-86E57442B253}.v4.0-Release|Any CPU.ActiveCfg = Debug|x86
		{921488F1-F4FC-4438-920E-86E57442B253}.v4.0-Release|Any CPU.Build.0 = Debug|x86
		{9C0363D4-EE69-45B8-BA45-BDA24CE35A06}.BundleLinux|Any CPU.ActiveCfg = Debug|Any CPU
		{9C0363D4-EE69-45B8-BA45-BDA24CE35A06}.BundleLinux|Any CPU.Build.0 = Debug|Any CPU
		{9C0363D4-EE69-45B8-BA45-BDA24CE35A06}.BundleLinux|x64.ActiveCfg = Debug|Any CPU
		{9C0363D4-EE69-45B8-BA45-BDA24CE35A06}.BundleLinux|x64.Build.0 = Debug|Any CPU
		{9C0363D4-EE69-45B8-BA45-BDA24CE35A06}.BundleLinux|x86.ActiveCfg = Debug|Any CPU
		{9C0363D4-EE69-45B8-BA45-BDA24CE35A06}.BundleLinux|x86.Build.0 = Debug|Any CPU
		{9C0363D4-EE69-45B8-BA45-BDA24CE35A06}.Debug|x64.ActiveCfg = Debug|Any CPU
		{9C0363D4-EE69-45B8-BA45-BDA24CE35A06}.Debug|x64.Build.0 = Debug|Any CPU
		{9C0363D4-EE69-45B8-BA45-BDA24CE35A06}.Debug|x86.ActiveCfg = Debug|Any CPU
		{9C0363D4-EE69-45B8-BA45-BDA24CE35A06}.Debug|x86.Build.0 = Debug|Any CPU
		{9C0363D4-EE69-45B8-BA45-BDA24CE35A06}.Debug-short|x86.ActiveCfg = Debug|Any CPU
		{9C0363D4-EE69-45B8-BA45-BDA24CE35A06}.Debug-short|x86.Build.0 = Debug|Any CPU
		{9C0363D4-EE69-45B8-BA45-BDA24CE35A06}.Release|x64.ActiveCfg = Release|Any CPU
		{9C0363D4-EE69-45B8-BA45-BDA24CE35A06}.Release|x64.Build.0 = Release|Any CPU
		{9C0363D4-EE69-45B8-BA45-BDA24CE35A06}.Release|x86.ActiveCfg = Release|Any CPU
		{9C0363D4-EE69-45B8-BA45-BDA24CE35A06}.Release|x86.Build.0 = Release|Any CPU
		{9C0363D4-EE69-45B8-BA45-BDA24CE35A06}.v4.0-Debug|Any CPU.ActiveCfg = Debug|Any CPU
		{9C0363D4-EE69-45B8-BA45-BDA24CE35A06}.v4.0-Debug|Any CPU.Build.0 = Debug|Any CPU
		{9C0363D4-EE69-45B8-BA45-BDA24CE35A06}.v4.0-Release|Any CPU.ActiveCfg = Debug|Any CPU
		{9C0363D4-EE69-45B8-BA45-BDA24CE35A06}.v4.0-Release|Any CPU.Build.0 = Debug|Any CPU
		{9C9ECACA-0DEB-4517-8CF1-02C3D3EB128E}.BundleLinux|Any CPU.ActiveCfg = BundleLinux|Any CPU
		{9C9ECACA-0DEB-4517-8CF1-02C3D3EB128E}.BundleLinux|Any CPU.Build.0 = BundleLinux|Any CPU
		{9C9ECACA-0DEB-4517-8CF1-02C3D3EB128E}.BundleLinux|x64.ActiveCfg = BundleLinux|x64
		{9C9ECACA-0DEB-4517-8CF1-02C3D3EB128E}.BundleLinux|x64.Build.0 = BundleLinux|x64
		{9C9ECACA-0DEB-4517-8CF1-02C3D3EB128E}.BundleLinux|x86.ActiveCfg = BundleLinux|x86
		{9C9ECACA-0DEB-4517-8CF1-02C3D3EB128E}.BundleLinux|x86.Build.0 = BundleLinux|x86
		{9C9ECACA-0DEB-4517-8CF1-02C3D3EB128E}.Debug|x64.ActiveCfg = Debug|x64
		{9C9ECACA-0DEB-4517-8CF1-02C3D3EB128E}.Debug|x64.Build.0 = Debug|x64
		{9C9ECACA-0DEB-4517-8CF1-02C3D3EB128E}.Debug|x86.ActiveCfg = Debug|x86
		{9C9ECACA-0DEB-4517-8CF1-02C3D3EB128E}.Debug|x86.Build.0 = Debug|x86
		{9C9ECACA-0DEB-4517-8CF1-02C3D3EB128E}.Debug-short|x86.ActiveCfg = Debug|x86
		{9C9ECACA-0DEB-4517-8CF1-02C3D3EB128E}.Debug-short|x86.Build.0 = Debug|x86
		{9C9ECACA-0DEB-4517-8CF1-02C3D3EB128E}.Release|x64.ActiveCfg = Release|x64
		{9C9ECACA-0DEB-4517-8CF1-02C3D3EB128E}.Release|x64.Build.0 = Release|x64
		{9C9ECACA-0DEB-4517-8CF1-02C3D3EB128E}.Release|x86.ActiveCfg = Release|x86
		{9C9ECACA-0DEB-4517-8CF1-02C3D3EB128E}.Release|x86.Build.0 = Release|x86
		{9C9ECACA-0DEB-4517-8CF1-02C3D3EB128E}.v4.0-Debug|Any CPU.ActiveCfg = Debug|Any CPU
		{9C9ECACA-0DEB-4517-8CF1-02C3D3EB128E}.v4.0-Debug|Any CPU.Build.0 = Debug|Any CPU
		{9C9ECACA-0DEB-4517-8CF1-02C3D3EB128E}.v4.0-Release|Any CPU.ActiveCfg = Debug|Any CPU
		{9C9ECACA-0DEB-4517-8CF1-02C3D3EB128E}.v4.0-Release|Any CPU.Build.0 = Debug|Any CPU
		{9DF71899-3CE4-48F4-B3C3-0B21B15037B1}.BundleLinux|Any CPU.ActiveCfg = Debug|Any CPU
		{9DF71899-3CE4-48F4-B3C3-0B21B15037B1}.BundleLinux|Any CPU.Build.0 = Debug|Any CPU
		{9DF71899-3CE4-48F4-B3C3-0B21B15037B1}.BundleLinux|x64.ActiveCfg = Debug|Any CPU
		{9DF71899-3CE4-48F4-B3C3-0B21B15037B1}.BundleLinux|x64.Build.0 = Debug|Any CPU
		{9DF71899-3CE4-48F4-B3C3-0B21B15037B1}.BundleLinux|x86.ActiveCfg = Debug|Any CPU
		{9DF71899-3CE4-48F4-B3C3-0B21B15037B1}.BundleLinux|x86.Build.0 = Debug|Any CPU
		{9DF71899-3CE4-48F4-B3C3-0B21B15037B1}.Debug|x64.ActiveCfg = Debug|Any CPU
		{9DF71899-3CE4-48F4-B3C3-0B21B15037B1}.Debug|x64.Build.0 = Debug|Any CPU
		{9DF71899-3CE4-48F4-B3C3-0B21B15037B1}.Debug|x86.ActiveCfg = Debug|Any CPU
		{9DF71899-3CE4-48F4-B3C3-0B21B15037B1}.Debug|x86.Build.0 = Debug|Any CPU
		{9DF71899-3CE4-48F4-B3C3-0B21B15037B1}.Debug-short|x86.ActiveCfg = Debug|Any CPU
		{9DF71899-3CE4-48F4-B3C3-0B21B15037B1}.Debug-short|x86.Build.0 = Debug|Any CPU
		{9DF71899-3CE4-48F4-B3C3-0B21B15037B1}.Release|x64.ActiveCfg = Release|Any CPU
		{9DF71899-3CE4-48F4-B3C3-0B21B15037B1}.Release|x64.Build.0 = Release|Any CPU
		{9DF71899-3CE4-48F4-B3C3-0B21B15037B1}.Release|x86.ActiveCfg = Release|Any CPU
		{9DF71899-3CE4-48F4-B3C3-0B21B15037B1}.Release|x86.Build.0 = Release|Any CPU
		{9DF71899-3CE4-48F4-B3C3-0B21B15037B1}.v4.0-Debug|Any CPU.ActiveCfg = Debug|Any CPU
		{9DF71899-3CE4-48F4-B3C3-0B21B15037B1}.v4.0-Debug|Any CPU.Build.0 = Debug|Any CPU
		{9DF71899-3CE4-48F4-B3C3-0B21B15037B1}.v4.0-Release|Any CPU.ActiveCfg = Debug|Any CPU
		{9DF71899-3CE4-48F4-B3C3-0B21B15037B1}.v4.0-Release|Any CPU.Build.0 = Debug|Any CPU
		{A236518F-E4D0-4CFF-B23F-769802B2821F}.BundleLinux|Any CPU.ActiveCfg = Debug|Any CPU
		{A236518F-E4D0-4CFF-B23F-769802B2821F}.BundleLinux|Any CPU.Build.0 = Debug|Any CPU
		{A236518F-E4D0-4CFF-B23F-769802B2821F}.BundleLinux|x64.ActiveCfg = Debug|Any CPU
		{A236518F-E4D0-4CFF-B23F-769802B2821F}.BundleLinux|x64.Build.0 = Debug|Any CPU
		{A236518F-E4D0-4CFF-B23F-769802B2821F}.BundleLinux|x86.ActiveCfg = Debug|Any CPU
		{A236518F-E4D0-4CFF-B23F-769802B2821F}.BundleLinux|x86.Build.0 = Debug|Any CPU
		{A236518F-E4D0-4CFF-B23F-769802B2821F}.Debug|x64.ActiveCfg = Debug|Any CPU
		{A236518F-E4D0-4CFF-B23F-769802B2821F}.Debug|x64.Build.0 = Debug|Any CPU
		{A236518F-E4D0-4CFF-B23F-769802B2821F}.Debug|x86.ActiveCfg = Debug|Any CPU
		{A236518F-E4D0-4CFF-B23F-769802B2821F}.Debug|x86.Build.0 = Debug|Any CPU
		{A236518F-E4D0-4CFF-B23F-769802B2821F}.Debug-short|x86.ActiveCfg = Debug|Any CPU
		{A236518F-E4D0-4CFF-B23F-769802B2821F}.Debug-short|x86.Build.0 = Debug|Any CPU
		{A236518F-E4D0-4CFF-B23F-769802B2821F}.Release|x64.ActiveCfg = Release|Any CPU
		{A236518F-E4D0-4CFF-B23F-769802B2821F}.Release|x64.Build.0 = Release|Any CPU
		{A236518F-E4D0-4CFF-B23F-769802B2821F}.Release|x86.ActiveCfg = Release|Any CPU
		{A236518F-E4D0-4CFF-B23F-769802B2821F}.Release|x86.Build.0 = Release|Any CPU
		{A236518F-E4D0-4CFF-B23F-769802B2821F}.v4.0-Debug|Any CPU.ActiveCfg = Debug|Any CPU
		{A236518F-E4D0-4CFF-B23F-769802B2821F}.v4.0-Debug|Any CPU.Build.0 = Debug|Any CPU
		{A236518F-E4D0-4CFF-B23F-769802B2821F}.v4.0-Release|Any CPU.ActiveCfg = Debug|Any CPU
		{A236518F-E4D0-4CFF-B23F-769802B2821F}.v4.0-Release|Any CPU.Build.0 = Debug|Any CPU
		{A6C1914F-7732-49F5-BABA-8BBBA521FAAB}.BundleLinux|Any CPU.ActiveCfg = Debug|Any CPU
		{A6C1914F-7732-49F5-BABA-8BBBA521FAAB}.BundleLinux|Any CPU.Build.0 = Debug|Any CPU
		{A6C1914F-7732-49F5-BABA-8BBBA521FAAB}.BundleLinux|x64.ActiveCfg = Debug|Any CPU
		{A6C1914F-7732-49F5-BABA-8BBBA521FAAB}.BundleLinux|x64.Build.0 = Debug|Any CPU
		{A6C1914F-7732-49F5-BABA-8BBBA521FAAB}.BundleLinux|x86.ActiveCfg = Debug|Any CPU
		{A6C1914F-7732-49F5-BABA-8BBBA521FAAB}.BundleLinux|x86.Build.0 = Debug|Any CPU
		{A6C1914F-7732-49F5-BABA-8BBBA521FAAB}.Debug|x64.ActiveCfg = Debug|Any CPU
		{A6C1914F-7732-49F5-BABA-8BBBA521FAAB}.Debug|x64.Build.0 = Debug|Any CPU
		{A6C1914F-7732-49F5-BABA-8BBBA521FAAB}.Debug|x86.ActiveCfg = Debug|Any CPU
		{A6C1914F-7732-49F5-BABA-8BBBA521FAAB}.Debug|x86.Build.0 = Debug|Any CPU
		{A6C1914F-7732-49F5-BABA-8BBBA521FAAB}.Debug-short|x86.ActiveCfg = Debug|Any CPU
		{A6C1914F-7732-49F5-BABA-8BBBA521FAAB}.Debug-short|x86.Build.0 = Debug|Any CPU
		{A6C1914F-7732-49F5-BABA-8BBBA521FAAB}.Release|x64.ActiveCfg = Release|Any CPU
		{A6C1914F-7732-49F5-BABA-8BBBA521FAAB}.Release|x64.Build.0 = Release|Any CPU
		{A6C1914F-7732-49F5-BABA-8BBBA521FAAB}.Release|x86.ActiveCfg = Release|Any CPU
		{A6C1914F-7732-49F5-BABA-8BBBA521FAAB}.Release|x86.Build.0 = Release|Any CPU
		{A6C1914F-7732-49F5-BABA-8BBBA521FAAB}.v4.0-Debug|Any CPU.ActiveCfg = Debug|Any CPU
		{A6C1914F-7732-49F5-BABA-8BBBA521FAAB}.v4.0-Debug|Any CPU.Build.0 = Debug|Any CPU
		{A6C1914F-7732-49F5-BABA-8BBBA521FAAB}.v4.0-Release|Any CPU.ActiveCfg = Debug|Any CPU
		{A6C1914F-7732-49F5-BABA-8BBBA521FAAB}.v4.0-Release|Any CPU.Build.0 = Debug|Any CPU
		{AD329D59-938D-42AC-ABE2-B0F14FDBB7C6}.BundleLinux|Any CPU.ActiveCfg = Debug|Any CPU
		{AD329D59-938D-42AC-ABE2-B0F14FDBB7C6}.BundleLinux|Any CPU.Build.0 = Debug|Any CPU
		{AD329D59-938D-42AC-ABE2-B0F14FDBB7C6}.BundleLinux|x64.ActiveCfg = Debug|Any CPU
		{AD329D59-938D-42AC-ABE2-B0F14FDBB7C6}.BundleLinux|x64.Build.0 = Debug|Any CPU
		{AD329D59-938D-42AC-ABE2-B0F14FDBB7C6}.BundleLinux|x86.ActiveCfg = Debug|Any CPU
		{AD329D59-938D-42AC-ABE2-B0F14FDBB7C6}.BundleLinux|x86.Build.0 = Debug|Any CPU
		{AD329D59-938D-42AC-ABE2-B0F14FDBB7C6}.Debug|x64.ActiveCfg = Debug|Any CPU
		{AD329D59-938D-42AC-ABE2-B0F14FDBB7C6}.Debug|x64.Build.0 = Debug|Any CPU
		{AD329D59-938D-42AC-ABE2-B0F14FDBB7C6}.Debug|x86.ActiveCfg = Debug|Any CPU
		{AD329D59-938D-42AC-ABE2-B0F14FDBB7C6}.Debug|x86.Build.0 = Debug|Any CPU
		{AD329D59-938D-42AC-ABE2-B0F14FDBB7C6}.Debug-short|x86.ActiveCfg = Debug|Any CPU
		{AD329D59-938D-42AC-ABE2-B0F14FDBB7C6}.Debug-short|x86.Build.0 = Debug|Any CPU
		{AD329D59-938D-42AC-ABE2-B0F14FDBB7C6}.Release|x64.ActiveCfg = Release|Any CPU
		{AD329D59-938D-42AC-ABE2-B0F14FDBB7C6}.Release|x64.Build.0 = Release|Any CPU
		{AD329D59-938D-42AC-ABE2-B0F14FDBB7C6}.Release|x86.ActiveCfg = Release|Any CPU
		{AD329D59-938D-42AC-ABE2-B0F14FDBB7C6}.Release|x86.Build.0 = Release|Any CPU
		{AD329D59-938D-42AC-ABE2-B0F14FDBB7C6}.v4.0-Debug|Any CPU.ActiveCfg = Debug|Any CPU
		{AD329D59-938D-42AC-ABE2-B0F14FDBB7C6}.v4.0-Debug|Any CPU.Build.0 = Debug|Any CPU
		{AD329D59-938D-42AC-ABE2-B0F14FDBB7C6}.v4.0-Release|Any CPU.ActiveCfg = Debug|Any CPU
		{AD329D59-938D-42AC-ABE2-B0F14FDBB7C6}.v4.0-Release|Any CPU.Build.0 = Debug|Any CPU
		{AED7339A-4A71-4063-9C67-0D54821230A3}.BundleLinux|Any CPU.ActiveCfg = Debug|Any CPU
		{AED7339A-4A71-4063-9C67-0D54821230A3}.BundleLinux|Any CPU.Build.0 = Debug|Any CPU
		{AED7339A-4A71-4063-9C67-0D54821230A3}.BundleLinux|x64.ActiveCfg = Debug|Any CPU
		{AED7339A-4A71-4063-9C67-0D54821230A3}.BundleLinux|x64.Build.0 = Debug|Any CPU
		{AED7339A-4A71-4063-9C67-0D54821230A3}.BundleLinux|x86.ActiveCfg = Debug|Any CPU
		{AED7339A-4A71-4063-9C67-0D54821230A3}.BundleLinux|x86.Build.0 = Debug|Any CPU
		{AED7339A-4A71-4063-9C67-0D54821230A3}.Debug|x64.ActiveCfg = Debug|Any CPU
		{AED7339A-4A71-4063-9C67-0D54821230A3}.Debug|x64.Build.0 = Debug|Any CPU
		{AED7339A-4A71-4063-9C67-0D54821230A3}.Debug|x86.ActiveCfg = Debug|Any CPU
		{AED7339A-4A71-4063-9C67-0D54821230A3}.Debug|x86.Build.0 = Debug|Any CPU
		{AED7339A-4A71-4063-9C67-0D54821230A3}.Debug-short|x86.ActiveCfg = Debug|Any CPU
		{AED7339A-4A71-4063-9C67-0D54821230A3}.Debug-short|x86.Build.0 = Debug|Any CPU
		{AED7339A-4A71-4063-9C67-0D54821230A3}.Release|x64.ActiveCfg = Release|Any CPU
		{AED7339A-4A71-4063-9C67-0D54821230A3}.Release|x64.Build.0 = Release|Any CPU
		{AED7339A-4A71-4063-9C67-0D54821230A3}.Release|x86.ActiveCfg = Release|Any CPU
		{AED7339A-4A71-4063-9C67-0D54821230A3}.Release|x86.Build.0 = Release|Any CPU
		{AED7339A-4A71-4063-9C67-0D54821230A3}.v4.0-Debug|Any CPU.ActiveCfg = Debug|Any CPU
		{AED7339A-4A71-4063-9C67-0D54821230A3}.v4.0-Debug|Any CPU.Build.0 = Debug|Any CPU
		{AED7339A-4A71-4063-9C67-0D54821230A3}.v4.0-Release|Any CPU.ActiveCfg = Debug|Any CPU
		{AED7339A-4A71-4063-9C67-0D54821230A3}.v4.0-Release|Any CPU.Build.0 = Debug|Any CPU
		{C97E91F4-B310-44E2-9B6C-96775395722D}.BundleLinux|Any CPU.ActiveCfg = BundleLinux|Any CPU
		{C97E91F4-B310-44E2-9B6C-96775395722D}.BundleLinux|Any CPU.Build.0 = BundleLinux|Any CPU
		{C97E91F4-B310-44E2-9B6C-96775395722D}.BundleLinux|x64.ActiveCfg = BundleLinux|x64
		{C97E91F4-B310-44E2-9B6C-96775395722D}.BundleLinux|x64.Build.0 = BundleLinux|x64
		{C97E91F4-B310-44E2-9B6C-96775395722D}.BundleLinux|x86.ActiveCfg = BundleLinux|x86
		{C97E91F4-B310-44E2-9B6C-96775395722D}.BundleLinux|x86.Build.0 = BundleLinux|x86
		{C97E91F4-B310-44E2-9B6C-96775395722D}.Debug|x64.ActiveCfg = Debug|x64
		{C97E91F4-B310-44E2-9B6C-96775395722D}.Debug|x64.Build.0 = Debug|x64
		{C97E91F4-B310-44E2-9B6C-96775395722D}.Debug|x86.ActiveCfg = Debug|x86
		{C97E91F4-B310-44E2-9B6C-96775395722D}.Debug|x86.Build.0 = Debug|x86
		{C97E91F4-B310-44E2-9B6C-96775395722D}.Debug-short|x86.ActiveCfg = Debug|x86
		{C97E91F4-B310-44E2-9B6C-96775395722D}.Debug-short|x86.Build.0 = Debug|x86
		{C97E91F4-B310-44E2-9B6C-96775395722D}.Release|x64.ActiveCfg = Release|x64
		{C97E91F4-B310-44E2-9B6C-96775395722D}.Release|x64.Build.0 = Release|x64
		{C97E91F4-B310-44E2-9B6C-96775395722D}.Release|x86.ActiveCfg = Release|x86
		{C97E91F4-B310-44E2-9B6C-96775395722D}.Release|x86.Build.0 = Release|x86
		{C97E91F4-B310-44E2-9B6C-96775395722D}.v4.0-Debug|Any CPU.ActiveCfg = Debug|Any CPU
		{C97E91F4-B310-44E2-9B6C-96775395722D}.v4.0-Debug|Any CPU.Build.0 = Debug|Any CPU
		{C97E91F4-B310-44E2-9B6C-96775395722D}.v4.0-Release|Any CPU.ActiveCfg = Debug|Any CPU
		{C97E91F4-B310-44E2-9B6C-96775395722D}.v4.0-Release|Any CPU.Build.0 = Debug|Any CPU
		{CE5179E8-3172-4C08-9FE3-9C48C58A3831}.BundleLinux|Any CPU.ActiveCfg = Debug|Any CPU
		{CE5179E8-3172-4C08-9FE3-9C48C58A3831}.BundleLinux|Any CPU.Build.0 = Debug|Any CPU
		{CE5179E8-3172-4C08-9FE3-9C48C58A3831}.BundleLinux|x64.ActiveCfg = Debug|Any CPU
		{CE5179E8-3172-4C08-9FE3-9C48C58A3831}.BundleLinux|x64.Build.0 = Debug|Any CPU
		{CE5179E8-3172-4C08-9FE3-9C48C58A3831}.BundleLinux|x86.ActiveCfg = Debug|Any CPU
		{CE5179E8-3172-4C08-9FE3-9C48C58A3831}.BundleLinux|x86.Build.0 = Debug|Any CPU
		{CE5179E8-3172-4C08-9FE3-9C48C58A3831}.Debug|x64.ActiveCfg = Debug|Any CPU
		{CE5179E8-3172-4C08-9FE3-9C48C58A3831}.Debug|x64.Build.0 = Debug|Any CPU
		{CE5179E8-3172-4C08-9FE3-9C48C58A3831}.Debug|x86.ActiveCfg = Debug|Any CPU
		{CE5179E8-3172-4C08-9FE3-9C48C58A3831}.Debug|x86.Build.0 = Debug|Any CPU
		{CE5179E8-3172-4C08-9FE3-9C48C58A3831}.Debug-short|x86.ActiveCfg = Debug|Any CPU
		{CE5179E8-3172-4C08-9FE3-9C48C58A3831}.Debug-short|x86.Build.0 = Debug|Any CPU
		{CE5179E8-3172-4C08-9FE3-9C48C58A3831}.Release|x64.ActiveCfg = Release|Any CPU
		{CE5179E8-3172-4C08-9FE3-9C48C58A3831}.Release|x64.Build.0 = Release|Any CPU
		{CE5179E8-3172-4C08-9FE3-9C48C58A3831}.Release|x86.ActiveCfg = Release|Any CPU
		{CE5179E8-3172-4C08-9FE3-9C48C58A3831}.Release|x86.Build.0 = Release|Any CPU
		{CE5179E8-3172-4C08-9FE3-9C48C58A3831}.v4.0-Debug|Any CPU.ActiveCfg = Debug|Any CPU
		{CE5179E8-3172-4C08-9FE3-9C48C58A3831}.v4.0-Debug|Any CPU.Build.0 = Debug|Any CPU
		{CE5179E8-3172-4C08-9FE3-9C48C58A3831}.v4.0-Release|Any CPU.ActiveCfg = Debug|Any CPU
		{CE5179E8-3172-4C08-9FE3-9C48C58A3831}.v4.0-Release|Any CPU.Build.0 = Debug|Any CPU
		{D0C39D9D-BED0-418B-9A5E-713176CAF40C}.BundleLinux|Any CPU.ActiveCfg = Debug|Any CPU
		{D0C39D9D-BED0-418B-9A5E-713176CAF40C}.BundleLinux|Any CPU.Build.0 = Debug|Any CPU
		{D0C39D9D-BED0-418B-9A5E-713176CAF40C}.BundleLinux|x64.ActiveCfg = Debug|Any CPU
		{D0C39D9D-BED0-418B-9A5E-713176CAF40C}.BundleLinux|x64.Build.0 = Debug|Any CPU
		{D0C39D9D-BED0-418B-9A5E-713176CAF40C}.BundleLinux|x86.ActiveCfg = Debug|Any CPU
		{D0C39D9D-BED0-418B-9A5E-713176CAF40C}.BundleLinux|x86.Build.0 = Debug|Any CPU
		{D0C39D9D-BED0-418B-9A5E-713176CAF40C}.Debug|x64.ActiveCfg = Debug|Any CPU
		{D0C39D9D-BED0-418B-9A5E-713176CAF40C}.Debug|x64.Build.0 = Debug|Any CPU
		{D0C39D9D-BED0-418B-9A5E-713176CAF40C}.Debug|x86.ActiveCfg = v4.0-Debug|Any CPU
		{D0C39D9D-BED0-418B-9A5E-713176CAF40C}.Debug|x86.Build.0 = v4.0-Debug|Any CPU
		{D0C39D9D-BED0-418B-9A5E-713176CAF40C}.Debug-short|x86.ActiveCfg = v4.0-Debug|Any CPU
		{D0C39D9D-BED0-418B-9A5E-713176CAF40C}.Debug-short|x86.Build.0 = v4.0-Debug|Any CPU
		{D0C39D9D-BED0-418B-9A5E-713176CAF40C}.Release|x64.ActiveCfg = Release|Any CPU
		{D0C39D9D-BED0-418B-9A5E-713176CAF40C}.Release|x64.Build.0 = Release|Any CPU
		{D0C39D9D-BED0-418B-9A5E-713176CAF40C}.Release|x86.ActiveCfg = Release|Any CPU
		{D0C39D9D-BED0-418B-9A5E-713176CAF40C}.Release|x86.Build.0 = Release|Any CPU
		{D0C39D9D-BED0-418B-9A5E-713176CAF40C}.v4.0-Debug|Any CPU.ActiveCfg = v4.0-Debug|Any CPU
		{D0C39D9D-BED0-418B-9A5E-713176CAF40C}.v4.0-Debug|Any CPU.Build.0 = v4.0-Debug|Any CPU
		{D0C39D9D-BED0-418B-9A5E-713176CAF40C}.v4.0-Release|Any CPU.ActiveCfg = v4.0-Release|Any CPU
		{D0C39D9D-BED0-418B-9A5E-713176CAF40C}.v4.0-Release|Any CPU.Build.0 = v4.0-Release|Any CPU
		{D21C0F94-5B1B-49E1-A5B0-50C3F99287E2}.BundleLinux|Any CPU.ActiveCfg = Debug|Any CPU
		{D21C0F94-5B1B-49E1-A5B0-50C3F99287E2}.BundleLinux|Any CPU.Build.0 = Debug|Any CPU
		{D21C0F94-5B1B-49E1-A5B0-50C3F99287E2}.BundleLinux|x64.ActiveCfg = Debug|Any CPU
		{D21C0F94-5B1B-49E1-A5B0-50C3F99287E2}.BundleLinux|x64.Build.0 = Debug|Any CPU
		{D21C0F94-5B1B-49E1-A5B0-50C3F99287E2}.BundleLinux|x86.ActiveCfg = Debug|Any CPU
		{D21C0F94-5B1B-49E1-A5B0-50C3F99287E2}.BundleLinux|x86.Build.0 = Debug|Any CPU
		{D21C0F94-5B1B-49E1-A5B0-50C3F99287E2}.Debug|x64.ActiveCfg = Debug|Any CPU
		{D21C0F94-5B1B-49E1-A5B0-50C3F99287E2}.Debug|x64.Build.0 = Debug|Any CPU
		{D21C0F94-5B1B-49E1-A5B0-50C3F99287E2}.Debug|x86.ActiveCfg = Debug|Any CPU
		{D21C0F94-5B1B-49E1-A5B0-50C3F99287E2}.Debug|x86.Build.0 = Debug|Any CPU
		{D21C0F94-5B1B-49E1-A5B0-50C3F99287E2}.Debug-short|x86.ActiveCfg = Debug|Any CPU
		{D21C0F94-5B1B-49E1-A5B0-50C3F99287E2}.Debug-short|x86.Build.0 = Debug|Any CPU
		{D21C0F94-5B1B-49E1-A5B0-50C3F99287E2}.Release|x64.ActiveCfg = Release|Any CPU
		{D21C0F94-5B1B-49E1-A5B0-50C3F99287E2}.Release|x64.Build.0 = Release|Any CPU
		{D21C0F94-5B1B-49E1-A5B0-50C3F99287E2}.Release|x86.ActiveCfg = Release|Any CPU
		{D21C0F94-5B1B-49E1-A5B0-50C3F99287E2}.Release|x86.Build.0 = Release|Any CPU
		{D21C0F94-5B1B-49E1-A5B0-50C3F99287E2}.v4.0-Debug|Any CPU.ActiveCfg = Debug|Any CPU
		{D21C0F94-5B1B-49E1-A5B0-50C3F99287E2}.v4.0-Debug|Any CPU.Build.0 = Debug|Any CPU
		{D21C0F94-5B1B-49E1-A5B0-50C3F99287E2}.v4.0-Release|Any CPU.ActiveCfg = Debug|Any CPU
		{D21C0F94-5B1B-49E1-A5B0-50C3F99287E2}.v4.0-Release|Any CPU.Build.0 = Debug|Any CPU
		{D9F4197F-52D2-49F0-8DAF-E2884733CF2D}.BundleLinux|Any CPU.ActiveCfg = BundleLinux|Any CPU
		{D9F4197F-52D2-49F0-8DAF-E2884733CF2D}.BundleLinux|Any CPU.Build.0 = BundleLinux|Any CPU
		{D9F4197F-52D2-49F0-8DAF-E2884733CF2D}.BundleLinux|x64.ActiveCfg = BundleLinux|x64
		{D9F4197F-52D2-49F0-8DAF-E2884733CF2D}.BundleLinux|x64.Build.0 = BundleLinux|x64
		{D9F4197F-52D2-49F0-8DAF-E2884733CF2D}.BundleLinux|x86.ActiveCfg = BundleLinux|x86
		{D9F4197F-52D2-49F0-8DAF-E2884733CF2D}.BundleLinux|x86.Build.0 = BundleLinux|x86
		{D9F4197F-52D2-49F0-8DAF-E2884733CF2D}.Debug|x64.ActiveCfg = Debug|x64
		{D9F4197F-52D2-49F0-8DAF-E2884733CF2D}.Debug|x64.Build.0 = Debug|x64
		{D9F4197F-52D2-49F0-8DAF-E2884733CF2D}.Debug|x86.ActiveCfg = Debug|x86
		{D9F4197F-52D2-49F0-8DAF-E2884733CF2D}.Debug|x86.Build.0 = Debug|x86
		{D9F4197F-52D2-49F0-8DAF-E2884733CF2D}.Debug-short|x86.ActiveCfg = Debug|x86
		{D9F4197F-52D2-49F0-8DAF-E2884733CF2D}.Debug-short|x86.Build.0 = Debug|x86
		{D9F4197F-52D2-49F0-8DAF-E2884733CF2D}.Release|x64.ActiveCfg = Release|x64
		{D9F4197F-52D2-49F0-8DAF-E2884733CF2D}.Release|x64.Build.0 = Release|x64
		{D9F4197F-52D2-49F0-8DAF-E2884733CF2D}.Release|x86.ActiveCfg = Release|x86
		{D9F4197F-52D2-49F0-8DAF-E2884733CF2D}.Release|x86.Build.0 = Release|x86
		{D9F4197F-52D2-49F0-8DAF-E2884733CF2D}.v4.0-Debug|Any CPU.ActiveCfg = Debug|Any CPU
		{D9F4197F-52D2-49F0-8DAF-E2884733CF2D}.v4.0-Debug|Any CPU.Build.0 = Debug|Any CPU
		{D9F4197F-52D2-49F0-8DAF-E2884733CF2D}.v4.0-Release|Any CPU.ActiveCfg = Debug|Any CPU
		{D9F4197F-52D2-49F0-8DAF-E2884733CF2D}.v4.0-Release|Any CPU.Build.0 = Debug|Any CPU
		{DB2EEB00-FF15-4AF8-887D-E3261C31B173}.BundleLinux|Any CPU.ActiveCfg = Debug|Any CPU
		{DB2EEB00-FF15-4AF8-887D-E3261C31B173}.BundleLinux|Any CPU.Build.0 = Debug|Any CPU
		{DB2EEB00-FF15-4AF8-887D-E3261C31B173}.BundleLinux|x64.ActiveCfg = Debug|Any CPU
		{DB2EEB00-FF15-4AF8-887D-E3261C31B173}.BundleLinux|x64.Build.0 = Debug|Any CPU
		{DB2EEB00-FF15-4AF8-887D-E3261C31B173}.BundleLinux|x86.ActiveCfg = Debug|Any CPU
		{DB2EEB00-FF15-4AF8-887D-E3261C31B173}.BundleLinux|x86.Build.0 = Debug|Any CPU
		{DB2EEB00-FF15-4AF8-887D-E3261C31B173}.Debug|x64.ActiveCfg = Debug|Any CPU
		{DB2EEB00-FF15-4AF8-887D-E3261C31B173}.Debug|x64.Build.0 = Debug|Any CPU
		{DB2EEB00-FF15-4AF8-887D-E3261C31B173}.Debug|x86.ActiveCfg = Debug|Any CPU
		{DB2EEB00-FF15-4AF8-887D-E3261C31B173}.Debug|x86.Build.0 = Debug|Any CPU
		{DB2EEB00-FF15-4AF8-887D-E3261C31B173}.Debug-short|x86.ActiveCfg = Debug|Any CPU
		{DB2EEB00-FF15-4AF8-887D-E3261C31B173}.Debug-short|x86.Build.0 = Debug|Any CPU
		{DB2EEB00-FF15-4AF8-887D-E3261C31B173}.Release|x64.ActiveCfg = Release|Any CPU
		{DB2EEB00-FF15-4AF8-887D-E3261C31B173}.Release|x64.Build.0 = Release|Any CPU
		{DB2EEB00-FF15-4AF8-887D-E3261C31B173}.Release|x86.ActiveCfg = Release|Any CPU
		{DB2EEB00-FF15-4AF8-887D-E3261C31B173}.Release|x86.Build.0 = Release|Any CPU
		{DB2EEB00-FF15-4AF8-887D-E3261C31B173}.v4.0-Debug|Any CPU.ActiveCfg = Debug|Any CPU
		{DB2EEB00-FF15-4AF8-887D-E3261C31B173}.v4.0-Debug|Any CPU.Build.0 = Debug|Any CPU
		{DB2EEB00-FF15-4AF8-887D-E3261C31B173}.v4.0-Release|Any CPU.ActiveCfg = Debug|Any CPU
		{DB2EEB00-FF15-4AF8-887D-E3261C31B173}.v4.0-Release|Any CPU.Build.0 = Debug|Any CPU
		{E06DEF77-F933-42FB-AFD8-DB2D0D8D6A98}.BundleLinux|Any CPU.ActiveCfg = Debug|Any CPU
		{E06DEF77-F933-42FB-AFD8-DB2D0D8D6A98}.BundleLinux|Any CPU.Build.0 = Debug|Any CPU
		{E06DEF77-F933-42FB-AFD8-DB2D0D8D6A98}.BundleLinux|x64.ActiveCfg = Debug|Any CPU
		{E06DEF77-F933-42FB-AFD8-DB2D0D8D6A98}.BundleLinux|x64.Build.0 = Debug|Any CPU
		{E06DEF77-F933-42FB-AFD8-DB2D0D8D6A98}.BundleLinux|x86.ActiveCfg = Debug|Any CPU
		{E06DEF77-F933-42FB-AFD8-DB2D0D8D6A98}.BundleLinux|x86.Build.0 = Debug|Any CPU
		{E06DEF77-F933-42FB-AFD8-DB2D0D8D6A98}.Debug|x64.ActiveCfg = Debug|Any CPU
		{E06DEF77-F933-42FB-AFD8-DB2D0D8D6A98}.Debug|x64.Build.0 = Debug|Any CPU
		{E06DEF77-F933-42FB-AFD8-DB2D0D8D6A98}.Debug|x86.ActiveCfg = v4.0-Debug|Any CPU
		{E06DEF77-F933-42FB-AFD8-DB2D0D8D6A98}.Debug|x86.Build.0 = v4.0-Debug|Any CPU
		{E06DEF77-F933-42FB-AFD8-DB2D0D8D6A98}.Debug-short|x86.ActiveCfg = v4.0-Debug|Any CPU
		{E06DEF77-F933-42FB-AFD8-DB2D0D8D6A98}.Debug-short|x86.Build.0 = v4.0-Debug|Any CPU
		{E06DEF77-F933-42FB-AFD8-DB2D0D8D6A98}.Release|x64.ActiveCfg = Release|Any CPU
		{E06DEF77-F933-42FB-AFD8-DB2D0D8D6A98}.Release|x64.Build.0 = Release|Any CPU
		{E06DEF77-F933-42FB-AFD8-DB2D0D8D6A98}.Release|x86.ActiveCfg = Release|Any CPU
		{E06DEF77-F933-42FB-AFD8-DB2D0D8D6A98}.Release|x86.Build.0 = Release|Any CPU
		{E06DEF77-F933-42FB-AFD8-DB2D0D8D6A98}.v4.0-Debug|Any CPU.ActiveCfg = v4.0-Debug|Any CPU
		{E06DEF77-F933-42FB-AFD8-DB2D0D8D6A98}.v4.0-Debug|Any CPU.Build.0 = v4.0-Debug|Any CPU
		{E06DEF77-F933-42FB-AFD8-DB2D0D8D6A98}.v4.0-Release|Any CPU.ActiveCfg = v4.0-Release|Any CPU
		{E06DEF77-F933-42FB-AFD8-DB2D0D8D6A98}.v4.0-Release|Any CPU.Build.0 = v4.0-Release|Any CPU
		{F8E01CD3-8BDD-403B-8264-0ED24AC3FA21}.BundleLinux|Any CPU.ActiveCfg = Debug|x86
		{F8E01CD3-8BDD-403B-8264-0ED24AC3FA21}.BundleLinux|Any CPU.Build.0 = Debug|x86
		{F8E01CD3-8BDD-403B-8264-0ED24AC3FA21}.BundleLinux|x64.ActiveCfg = Debug|x86
		{F8E01CD3-8BDD-403B-8264-0ED24AC3FA21}.BundleLinux|x64.Build.0 = Debug|x86
		{F8E01CD3-8BDD-403B-8264-0ED24AC3FA21}.BundleLinux|x86.ActiveCfg = Debug|x86
		{F8E01CD3-8BDD-403B-8264-0ED24AC3FA21}.BundleLinux|x86.Build.0 = Debug|x86
		{F8E01CD3-8BDD-403B-8264-0ED24AC3FA21}.Debug|x64.ActiveCfg = Debug|x86
		{F8E01CD3-8BDD-403B-8264-0ED24AC3FA21}.Debug|x64.Build.0 = Debug|x86
		{F8E01CD3-8BDD-403B-8264-0ED24AC3FA21}.Debug|x86.ActiveCfg = Debug|x86
		{F8E01CD3-8BDD-403B-8264-0ED24AC3FA21}.Debug|x86.Build.0 = Debug|x86
		{F8E01CD3-8BDD-403B-8264-0ED24AC3FA21}.Debug-short|x86.ActiveCfg = Debug|x86
		{F8E01CD3-8BDD-403B-8264-0ED24AC3FA21}.Debug-short|x86.Build.0 = Debug|x86
		{F8E01CD3-8BDD-403B-8264-0ED24AC3FA21}.Release|x64.ActiveCfg = Release|x86
		{F8E01CD3-8BDD-403B-8264-0ED24AC3FA21}.Release|x64.Build.0 = Release|x86
		{F8E01CD3-8BDD-403B-8264-0ED24AC3FA21}.Release|x86.ActiveCfg = Release|x86
		{F8E01CD3-8BDD-403B-8264-0ED24AC3FA21}.Release|x86.Build.0 = Release|x86
		{F8E01CD3-8BDD-403B-8264-0ED24AC3FA21}.v4.0-Debug|Any CPU.ActiveCfg = Debug|x86
		{F8E01CD3-8BDD-403B-8264-0ED24AC3FA21}.v4.0-Debug|Any CPU.Build.0 = Debug|x86
		{F8E01CD3-8BDD-403B-8264-0ED24AC3FA21}.v4.0-Release|Any CPU.ActiveCfg = Debug|x86
		{F8E01CD3-8BDD-403B-8264-0ED24AC3FA21}.v4.0-Release|Any CPU.Build.0 = Debug|x86
		{FBD0A975-C275-4C43-9840-9D96C4E4EB21}.BundleLinux|Any CPU.ActiveCfg = Debug|x86
		{FBD0A975-C275-4C43-9840-9D96C4E4EB21}.BundleLinux|Any CPU.Build.0 = Debug|x86
		{FBD0A975-C275-4C43-9840-9D96C4E4EB21}.BundleLinux|x64.ActiveCfg = Debug|x86
		{FBD0A975-C275-4C43-9840-9D96C4E4EB21}.BundleLinux|x64.Build.0 = Debug|x86
		{FBD0A975-C275-4C43-9840-9D96C4E4EB21}.BundleLinux|x86.ActiveCfg = Debug|x86
		{FBD0A975-C275-4C43-9840-9D96C4E4EB21}.BundleLinux|x86.Build.0 = Debug|x86
		{FBD0A975-C275-4C43-9840-9D96C4E4EB21}.Debug|x64.ActiveCfg = Debug|x86
		{FBD0A975-C275-4C43-9840-9D96C4E4EB21}.Debug|x64.Build.0 = Debug|x86
		{FBD0A975-C275-4C43-9840-9D96C4E4EB21}.Debug|x86.ActiveCfg = Debug|x86
		{FBD0A975-C275-4C43-9840-9D96C4E4EB21}.Debug|x86.Build.0 = Debug|x86
		{FBD0A975-C275-4C43-9840-9D96C4E4EB21}.Debug-short|x86.ActiveCfg = Debug-short|x86
		{FBD0A975-C275-4C43-9840-9D96C4E4EB21}.Debug-short|x86.Build.0 = Debug-short|x86
		{FBD0A975-C275-4C43-9840-9D96C4E4EB21}.Release|x64.ActiveCfg = Release|x86
		{FBD0A975-C275-4C43-9840-9D96C4E4EB21}.Release|x64.Build.0 = Release|x86
		{FBD0A975-C275-4C43-9840-9D96C4E4EB21}.Release|x86.ActiveCfg = Release|x86
		{FBD0A975-C275-4C43-9840-9D96C4E4EB21}.Release|x86.Build.0 = Release|x86
		{FBD0A975-C275-4C43-9840-9D96C4E4EB21}.v4.0-Debug|Any CPU.ActiveCfg = Debug|x86
		{FBD0A975-C275-4C43-9840-9D96C4E4EB21}.v4.0-Debug|Any CPU.Build.0 = Debug|x86
		{FBD0A975-C275-4C43-9840-9D96C4E4EB21}.v4.0-Release|Any CPU.ActiveCfg = Debug|x86
		{FBD0A975-C275-4C43-9840-9D96C4E4EB21}.v4.0-Release|Any CPU.Build.0 = Debug|x86
	EndGlobalSection
	GlobalSection(NestedProjects) = preSolution
		{D21C0F94-5B1B-49E1-A5B0-50C3F99287E2} = {2B971ED3-E5E1-4CE7-B142-4393EC61DA67}
		{AED7339A-4A71-4063-9C67-0D54821230A3} = {2B971ED3-E5E1-4CE7-B142-4393EC61DA67}
		{A236518F-E4D0-4CFF-B23F-769802B2821F} = {2B971ED3-E5E1-4CE7-B142-4393EC61DA67}
		{AD329D59-938D-42AC-ABE2-B0F14FDBB7C6} = {2B971ED3-E5E1-4CE7-B142-4393EC61DA67}
		{55CD5E7C-3164-4A5D-9DA8-F29F5E9D170C} = {2B971ED3-E5E1-4CE7-B142-4393EC61DA67}
		{8D85E430-325A-4532-A123-BF28F9644DB4} = {98F3A7D6-1FDF-43E0-B7C2-08DE9B6E6B69}
		{54F958F5-7E58-4C89-9A04-8835E63B97C3} = {98F3A7D6-1FDF-43E0-B7C2-08DE9B6E6B69}
		{238AA636-BA40-4A0B-A854-E813A08F8D15} = {98F3A7D6-1FDF-43E0-B7C2-08DE9B6E6B69}
		{4F2D637A-06E9-42A7-9462-C2990C60857B} = {98F3A7D6-1FDF-43E0-B7C2-08DE9B6E6B69}
		{E25648C4-5CC9-417C-A1B3-606F7F9E6680} = {98F3A7D6-1FDF-43E0-B7C2-08DE9B6E6B69}
		{9C9ECACA-0DEB-4517-8CF1-02C3D3EB128E} = {238AA636-BA40-4A0B-A854-E813A08F8D15}
		{C97E91F4-B310-44E2-9B6C-96775395722D} = {238AA636-BA40-4A0B-A854-E813A08F8D15}
		{921488F1-F4FC-4438-920E-86E57442B253} = {238AA636-BA40-4A0B-A854-E813A08F8D15}
		{D9F4197F-52D2-49F0-8DAF-E2884733CF2D} = {238AA636-BA40-4A0B-A854-E813A08F8D15}
		{190CEA0D-EA23-4C91-8030-203A5AFED7B7} = {4F2D637A-06E9-42A7-9462-C2990C60857B}
		{1BF2A638-420D-456C-96A7-36873A0FB894} = {4F2D637A-06E9-42A7-9462-C2990C60857B}
		{E06DEF77-F933-42FB-AFD8-DB2D0D8D6A98} = {E25648C4-5CC9-417C-A1B3-606F7F9E6680}
		{D0C39D9D-BED0-418B-9A5E-713176CAF40C} = {E25648C4-5CC9-417C-A1B3-606F7F9E6680}
		{00D32969-612C-417E-9565-BEC6A7719F80} = {4227FE61-2892-4DCD-8089-D1E7D81200D6}
		{A6C1914F-7732-49F5-BABA-8BBBA521FAAB} = {4227FE61-2892-4DCD-8089-D1E7D81200D6}
		{4B502FE5-D419-4B5C-9276-0A25EF2F508A} = {4227FE61-2892-4DCD-8089-D1E7D81200D6}
		{DB2EEB00-FF15-4AF8-887D-E3261C31B173} = {4227FE61-2892-4DCD-8089-D1E7D81200D6}
		{9DF71899-3CE4-48F4-B3C3-0B21B15037B1} = {4227FE61-2892-4DCD-8089-D1E7D81200D6}
		{4B35C969-8C74-440F-8189-57047C9215FD} = {4227FE61-2892-4DCD-8089-D1E7D81200D6}
		{6D755374-6EAF-44B6-8C6C-6FE5E5AB3432} = {4227FE61-2892-4DCD-8089-D1E7D81200D6}
		{CE5179E8-3172-4C08-9FE3-9C48C58A3831} = {4227FE61-2892-4DCD-8089-D1E7D81200D6}
		{5A2BB01E-E124-432E-8099-D1343D3897B9} = {4227FE61-2892-4DCD-8089-D1E7D81200D6}
		{1C3B49FC-372C-46F7-995F-EEB44474E2DE} = {4227FE61-2892-4DCD-8089-D1E7D81200D6}
		{9C0363D4-EE69-45B8-BA45-BDA24CE35A06} = {4227FE61-2892-4DCD-8089-D1E7D81200D6}
		{F8E01CD3-8BDD-403B-8264-0ED24AC3FA21} = {4227FE61-2892-4DCD-8089-D1E7D81200D6}
		{5CFB297D-4964-4CBD-9102-A5E795BE7B85} = {4227FE61-2892-4DCD-8089-D1E7D81200D6}
		{769710D2-BF98-4120-9E07-67BD740CFA1D} = {4227FE61-2892-4DCD-8089-D1E7D81200D6}
	EndGlobalSection
	GlobalSection(MonoDevelopProperties) = preSolution
		Policies = $0
		$0.DotNetNamingPolicy = $1
		$1.DirectoryNamespaceAssociation = None
		$1.ResourceNamePolicy = FileName
		$0.StandardHeader = $2
		$2.Text = 
		$2.IncludeInNewFiles = True
		$0.NameConventionPolicy = $3
		$3.Rules = $4
		$4.NamingRule = $5
		$5.Name = Namespaces
		$5.AffectedEntity = Namespace
		$5.VisibilityMask = VisibilityMask
		$5.NamingStyle = PascalCase
		$5.IncludeInstanceMembers = True
		$5.IncludeStaticEntities = True
		$4.NamingRule = $6
		$6.Name = Types
		$6.AffectedEntity = Class, Struct, Enum, Delegate
		$6.VisibilityMask = Public
		$6.NamingStyle = PascalCase
		$6.IncludeInstanceMembers = True
		$6.IncludeStaticEntities = True
		$4.NamingRule = $7
		$7.Name = Interfaces
		$7.RequiredPrefixes = $8
		$8.String = I
		$7.AffectedEntity = Interface
		$7.VisibilityMask = Public
		$7.NamingStyle = PascalCase
		$7.IncludeInstanceMembers = True
		$7.IncludeStaticEntities = True
		$4.NamingRule = $9
		$9.Name = Attributes
		$9.RequiredSuffixes = $10
		$10.String = Attribute
		$9.AffectedEntity = CustomAttributes
		$9.VisibilityMask = Public
		$9.NamingStyle = PascalCase
		$9.IncludeInstanceMembers = True
		$9.IncludeStaticEntities = True
		$4.NamingRule = $11
		$11.Name = Event Arguments
		$11.RequiredSuffixes = $12
		$12.String = EventArgs
		$11.AffectedEntity = CustomEventArgs
		$11.VisibilityMask = Public
		$11.NamingStyle = PascalCase
		$11.IncludeInstanceMembers = True
		$11.IncludeStaticEntities = True
		$4.NamingRule = $13
		$13.Name = Exceptions
		$13.RequiredSuffixes = $14
		$14.String = Exception
		$13.AffectedEntity = CustomExceptions
		$13.VisibilityMask = VisibilityMask
		$13.NamingStyle = PascalCase
		$13.IncludeInstanceMembers = True
		$13.IncludeStaticEntities = True
		$4.NamingRule = $15
		$15.Name = Methods
		$15.AffectedEntity = Methods
		$15.VisibilityMask = Protected, Public
		$15.NamingStyle = PascalCase
		$15.IncludeInstanceMembers = True
		$15.IncludeStaticEntities = True
		$4.NamingRule = $16
		$16.Name = Static Readonly Fields
		$16.AffectedEntity = ReadonlyField
		$16.VisibilityMask = Protected, Public
		$16.NamingStyle = PascalCase
		$16.IncludeInstanceMembers = False
		$16.IncludeStaticEntities = True
		$4.NamingRule = $17
		$17.Name = Fields
		$17.AffectedEntity = Field
		$17.VisibilityMask = Protected, Public
		$17.NamingStyle = PascalCase
		$17.IncludeInstanceMembers = True
		$17.IncludeStaticEntities = True
		$4.NamingRule = $18
		$18.Name = ReadOnly Fields
		$18.AffectedEntity = ReadonlyField
		$18.VisibilityMask = Protected, Public
		$18.NamingStyle = PascalCase
		$18.IncludeInstanceMembers = True
		$18.IncludeStaticEntities = False
		$4.NamingRule = $19
		$19.Name = Constant Fields
		$19.AffectedEntity = ConstantField
		$19.VisibilityMask = Protected, Public
		$19.NamingStyle = PascalCase
		$19.IncludeInstanceMembers = True
		$19.IncludeStaticEntities = True
		$4.NamingRule = $20
		$20.Name = Properties
		$20.AffectedEntity = Property
		$20.VisibilityMask = Protected, Public
		$20.NamingStyle = PascalCase
		$20.IncludeInstanceMembers = True
		$20.IncludeStaticEntities = True
		$4.NamingRule = $21
		$21.Name = Events
		$21.AffectedEntity = Event
		$21.VisibilityMask = Protected, Public
		$21.NamingStyle = PascalCase
		$21.IncludeInstanceMembers = True
		$21.IncludeStaticEntities = True
		$4.NamingRule = $22
		$22.Name = Enum Members
		$22.AffectedEntity = EnumMember
		$22.VisibilityMask = VisibilityMask
		$22.NamingStyle = PascalCase
		$22.IncludeInstanceMembers = True
		$22.IncludeStaticEntities = True
		$4.NamingRule = $23
		$23.Name = Parameters
		$23.AffectedEntity = Parameter
		$23.VisibilityMask = VisibilityMask
		$23.NamingStyle = CamelCase
		$23.IncludeInstanceMembers = True
		$23.IncludeStaticEntities = True
		$4.NamingRule = $24
		$24.Name = Type Parameters
		$24.RequiredPrefixes = $25
		$25.String = T
		$24.AffectedEntity = TypeParameter
		$24.VisibilityMask = VisibilityMask
		$24.NamingStyle = PascalCase
		$24.IncludeInstanceMembers = True
		$24.IncludeStaticEntities = True
		$0.TextStylePolicy = $26
		$26.inheritsSet = Mono
		$26.inheritsScope = text/plain
		$26.scope = text/plain
		$0.TextStylePolicy = $27
		$27.TabsToSpaces = False
		$27.inheritsSet = VisualStudio
		$27.inheritsScope = text/plain
		$27.scope = text/x-csharp
		$0.CSharpFormattingPolicy = $28
		$28.IndentSwitchBody = True
		$28.IndentBlocksInsideExpressions = True
		$28.AnonymousMethodBraceStyle = NextLine
		$28.PropertyBraceStyle = NextLine
		$28.PropertyGetBraceStyle = NextLine
		$28.PropertySetBraceStyle = NextLine
		$28.EventBraceStyle = NextLine
		$28.EventAddBraceStyle = NextLine
		$28.EventRemoveBraceStyle = NextLine
		$28.StatementBraceStyle = NextLine
		$28.ElseNewLinePlacement = NewLine
		$28.CatchNewLinePlacement = NewLine
		$28.FinallyNewLinePlacement = NewLine
		$28.WhileNewLinePlacement = DoNotCare
		$28.ArrayInitializerWrapping = DoNotChange
		$28.ArrayInitializerBraceStyle = NextLine
		$28.BeforeMethodDeclarationParentheses = False
		$28.BeforeMethodCallParentheses = False
		$28.BeforeConstructorDeclarationParentheses = False
		$28.NewLineBeforeConstructorInitializerColon = NewLine
		$28.NewLineAfterConstructorInitializerColon = SameLine
		$28.BeforeDelegateDeclarationParentheses = False
		$28.NewParentheses = False
		$28.SpacesBeforeBrackets = False
		$28.inheritsSet = Mono
		$28.inheritsScope = text/x-csharp
		$28.scope = text/x-csharp
		$0.TextStylePolicy = $29
		$29.inheritsSet = Mono
		$29.inheritsScope = text/plain
		$29.scope = application/x-desktop
		$0.VersionControlPolicy = $30
		$30.inheritsSet = Mono
		$0.TextStylePolicy = $31
		$31.inheritsSet = null
		$31.scope = application/xml
		$0.XmlFormattingPolicy = $32
		$32.inheritsSet = Mono
		$32.inheritsScope = application/xml
		$32.scope = application/xml
		$0.TextStylePolicy = $33
		$33.inheritsSet = null
		$33.scope = application/config+xml
		$0.XmlFormattingPolicy = $34
		$34.inheritsSet = null
		$34.scope = application/config+xml
		$0.TextStylePolicy = $35
		$35.inheritsSet = null
		$35.scope = text/microsoft-resx
		$0.XmlFormattingPolicy = $36
		$36.inheritsSet = null
		$36.scope = text/microsoft-resx
	EndGlobalSection
EndGlobal
