
Microsoft Visual Studio Solution File, Format Version 12.00
# Visual Studio 2012
Project("{2150E333-8FDC-42A3-9474-1A3956D46DE8}") = "1. Libraries", "1. Libraries", "{139CC6CB-D0D3-4892-9FF4-506372C66815}"
EndProject
Project("{2150E333-8FDC-42A3-9474-1A3956D46DE8}") = "Gamma", "Gamma", "{FA158D40-CF6B-44A9-A0A1-C1382EAAA1EB}"
EndProject
Project("{2150E333-8FDC-42A3-9474-1A3956D46DE8}") = "QualitySolution", "QualitySolution", "{13BEDC38-CA01-4158-B3D1-E702E770D25B}"
EndProject
Project("{2150E333-8FDC-42A3-9474-1A3956D46DE8}") = "Other", "Other", "{206AFBC1-8BCF-45E0-9E86-5DD2B9DFF512}"
EndProject
Project("{2150E333-8FDC-42A3-9474-1A3956D46DE8}") = "My-FyiReporting", "My-FyiReporting", "{B95C4553-D8BA-4222-89FA-C0804E865DA1}"
EndProject
Project("{2150E333-8FDC-42A3-9474-1A3956D46DE8}") = "GMap", "GMap", "{B706E95A-3512-4B33-8C92-EF6A181E0C0E}"
EndProject
Project("{2150E333-8FDC-42A3-9474-1A3956D46DE8}") = "Core", "Core", "{4C931756-0F11-43FD-BE5D-F5691FCB8B01}"
EndProject
Project("{2150E333-8FDC-42A3-9474-1A3956D46DE8}") = "Gtk", "Gtk", "{BDF3167E-B265-47FC-974D-0369CC62716A}"
EndProject
Project("{2150E333-8FDC-42A3-9474-1A3956D46DE8}") = "Deprecated", "Deprecated", "{3F9A1FDF-8F9F-405F-A891-541046EBB9A5}"
EndProject
Project("{2150E333-8FDC-42A3-9474-1A3956D46DE8}") = "3. Services", "3. Services", "{17369F76-1774-4A01-80AC-A00FB91D13E1}"
	ProjectSection(SolutionItems) = preProject
		Services\UploadToServer.sh = Services\UploadToServer.sh
	EndProjectSection
EndProject
Project("{2150E333-8FDC-42A3-9474-1A3956D46DE8}") = "4. Application", "4. Application", "{A47C750D-5E2E-453C-B72A-D18FA39E3C90}"
EndProject
Project("{2150E333-8FDC-42A3-9474-1A3956D46DE8}") = "2. Core", "2. Core", "{161D264D-BA89-4A34-92F8-2ED795BC637E}"
EndProject
Project("{2150E333-8FDC-42A3-9474-1A3956D46DE8}") = "Tests", "Tests", "{51CFBEC6-D7DA-41C2-9F7A-B262FB32512D}"
EndProject
Project("{2150E333-8FDC-42A3-9474-1A3956D46DE8}") = "Application", "Application", "{4A6A594C-FD34-4348-AF00-2E83CC5B0A1F}"
EndProject
Project("{2150E333-8FDC-42A3-9474-1A3956D46DE8}") = "Library", "Library", "{029100AD-4EE8-4BD7-8FC8-C7ECF4C7B484}"
EndProject
Project("{FAE04EC0-301F-11D3-BF4B-00C04F79EFBC}") = "VodovozMangoService", "Services\Application\VodovozMangoService\VodovozMangoService.csproj", "{F7FE2C1C-2295-4E30-B023-AFD5AEE99C93}"
EndProject
Project("{FAE04EC0-301F-11D3-BF4B-00C04F79EFBC}") = "MangoController", "Services\Library\MangoController\MangoController.csproj", "{527E0CCE-C1F1-4FCE-8B92-EA5C4CA5F548}"
EndProject
Project("{2150E333-8FDC-42A3-9474-1A3956D46DE8}") = "DotNet", "DotNet", "{9AA796C1-F1D6-499A-9956-E47BF2F30E65}"
EndProject
Project("{FAE04EC0-301F-11D3-BF4B-00C04F79EFBC}") = "QS.Utilities.dotnet", "..\QSProjects\QS.Utilities\QS.Utilities.dotnet.csproj", "{5B04EB83-DA1E-40B2-A001-6143DF24782A}"
EndProject
Global
	GlobalSection(SolutionConfigurationPlatforms) = preSolution
		Debug|x86 = Debug|x86
		DebugWin|x86 = DebugWin|x86
		Release|Any CPU = Release|Any CPU
	EndGlobalSection
	GlobalSection(ProjectConfigurationPlatforms) = postSolution
		{F7FE2C1C-2295-4E30-B023-AFD5AEE99C93}.Debug|x86.ActiveCfg = Debug|Any CPU
		{F7FE2C1C-2295-4E30-B023-AFD5AEE99C93}.Debug|x86.Build.0 = Debug|Any CPU
		{F7FE2C1C-2295-4E30-B023-AFD5AEE99C93}.DebugWin|x86.ActiveCfg = Debug|Any CPU
		{F7FE2C1C-2295-4E30-B023-AFD5AEE99C93}.DebugWin|x86.Build.0 = Debug|Any CPU
		{F7FE2C1C-2295-4E30-B023-AFD5AEE99C93}.Release|Any CPU.ActiveCfg = Release|Any CPU
		{F7FE2C1C-2295-4E30-B023-AFD5AEE99C93}.Release|Any CPU.Build.0 = Release|Any CPU
		{527E0CCE-C1F1-4FCE-8B92-EA5C4CA5F548}.Debug|x86.ActiveCfg = Debug|Any CPU
		{527E0CCE-C1F1-4FCE-8B92-EA5C4CA5F548}.Debug|x86.Build.0 = Debug|Any CPU
		{527E0CCE-C1F1-4FCE-8B92-EA5C4CA5F548}.DebugWin|x86.ActiveCfg = Debug|Any CPU
		{527E0CCE-C1F1-4FCE-8B92-EA5C4CA5F548}.DebugWin|x86.Build.0 = Debug|Any CPU
		{527E0CCE-C1F1-4FCE-8B92-EA5C4CA5F548}.Release|Any CPU.ActiveCfg = Release|Any CPU
		{527E0CCE-C1F1-4FCE-8B92-EA5C4CA5F548}.Release|Any CPU.Build.0 = Release|Any CPU
		{5B04EB83-DA1E-40B2-A001-6143DF24782A}.Debug|x86.ActiveCfg = Debug|Any CPU
		{5B04EB83-DA1E-40B2-A001-6143DF24782A}.Debug|x86.Build.0 = Debug|Any CPU
		{5B04EB83-DA1E-40B2-A001-6143DF24782A}.DebugWin|x86.ActiveCfg = Debug|Any CPU
		{5B04EB83-DA1E-40B2-A001-6143DF24782A}.DebugWin|x86.Build.0 = Debug|Any CPU
		{5B04EB83-DA1E-40B2-A001-6143DF24782A}.Release|Any CPU.ActiveCfg = Release|Any CPU
		{5B04EB83-DA1E-40B2-A001-6143DF24782A}.Release|Any CPU.Build.0 = Release|Any CPU
	EndGlobalSection
	GlobalSection(NestedProjects) = preSolution
		{FA158D40-CF6B-44A9-A0A1-C1382EAAA1EB} = {139CC6CB-D0D3-4892-9FF4-506372C66815}
		{13BEDC38-CA01-4158-B3D1-E702E770D25B} = {139CC6CB-D0D3-4892-9FF4-506372C66815}
		{206AFBC1-8BCF-45E0-9E86-5DD2B9DFF512} = {139CC6CB-D0D3-4892-9FF4-506372C66815}
		{B95C4553-D8BA-4222-89FA-C0804E865DA1} = {139CC6CB-D0D3-4892-9FF4-506372C66815}
		{B706E95A-3512-4B33-8C92-EF6A181E0C0E} = {139CC6CB-D0D3-4892-9FF4-506372C66815}
		{4C931756-0F11-43FD-BE5D-F5691FCB8B01} = {13BEDC38-CA01-4158-B3D1-E702E770D25B}
		{BDF3167E-B265-47FC-974D-0369CC62716A} = {13BEDC38-CA01-4158-B3D1-E702E770D25B}
		{3F9A1FDF-8F9F-405F-A891-541046EBB9A5} = {13BEDC38-CA01-4158-B3D1-E702E770D25B}
		{51CFBEC6-D7DA-41C2-9F7A-B262FB32512D} = {161D264D-BA89-4A34-92F8-2ED795BC637E}
		{4A6A594C-FD34-4348-AF00-2E83CC5B0A1F} = {17369F76-1774-4A01-80AC-A00FB91D13E1}
		{029100AD-4EE8-4BD7-8FC8-C7ECF4C7B484} = {17369F76-1774-4A01-80AC-A00FB91D13E1}
		{F7FE2C1C-2295-4E30-B023-AFD5AEE99C93} = {4A6A594C-FD34-4348-AF00-2E83CC5B0A1F}
		{527E0CCE-C1F1-4FCE-8B92-EA5C4CA5F548} = {029100AD-4EE8-4BD7-8FC8-C7ECF4C7B484}
		{9AA796C1-F1D6-499A-9956-E47BF2F30E65} = {13BEDC38-CA01-4158-B3D1-E702E770D25B}
		{5B04EB83-DA1E-40B2-A001-6143DF24782A} = {9AA796C1-F1D6-499A-9956-E47BF2F30E65}
	EndGlobalSection
	GlobalSection(MonoDevelopProperties) = preSolution
		Policies = $0
		$0.DotNetNamingPolicy = $1
		$1.DirectoryNamespaceAssociation = PrefixedHierarchical
		$1.ResourceNamePolicy = MSBuild
		$0.StandardHeader = $2
		$0.NameConventionPolicy = $3
		$3.Rules = $4
		$4.NamingRule = $5
		$5.Name = Type Parameters
		$5.AffectedEntity = TypeParameter
		$5.VisibilityMask = VisibilityMask
		$5.NamingStyle = PascalCase
		$5.IncludeInstanceMembers = True
		$5.IncludeStaticEntities = True
		$5.RequiredPrefixes = $37
		$37.String = T
		$5.RequiredSuffixes = $38
		$38.String = Exception
		$4.NamingRule = $6
		$6.Name = Types
		$6.AffectedEntity = Class, Struct, Enum, Delegate
		$6.VisibilityMask = Public
		$6.NamingStyle = PascalCase
		$6.IncludeInstanceMembers = True
		$6.IncludeStaticEntities = True
		$4.NamingRule = $7
		$7.Name = Interfaces
		$7.RequiredPrefixes = $8
		$8.String = I
		$7.AffectedEntity = Interface
		$7.VisibilityMask = Public
		$7.NamingStyle = PascalCase
		$7.IncludeInstanceMembers = True
		$7.IncludeStaticEntities = True
		$4.NamingRule = $9
		$9.Name = Attributes
		$9.RequiredSuffixes = $10
		$10.String = Attribute
		$9.AffectedEntity = CustomAttributes
		$9.VisibilityMask = Public
		$9.NamingStyle = PascalCase
		$9.IncludeInstanceMembers = True
		$9.IncludeStaticEntities = True
		$4.NamingRule = $11
		$11.Name = Event Arguments
		$11.RequiredSuffixes = $12
		$12.String = EventArgs
		$11.AffectedEntity = CustomEventArgs
		$11.VisibilityMask = Public
		$11.NamingStyle = PascalCase
		$11.IncludeInstanceMembers = True
		$11.IncludeStaticEntities = True
		$4.NamingRule = $13
		$13.Name = Exceptions
		$13.RequiredSuffixes = $14
		$14.String = Exception
		$13.AffectedEntity = CustomExceptions
		$13.VisibilityMask = VisibilityMask
		$13.NamingStyle = PascalCase
		$13.IncludeInstanceMembers = True
		$13.IncludeStaticEntities = True
		$4.NamingRule = $15
		$15.Name = Methods
		$15.AffectedEntity = Methods
		$15.VisibilityMask = Protected, Public
		$15.NamingStyle = PascalCase
		$15.IncludeInstanceMembers = True
		$15.IncludeStaticEntities = True
		$4.NamingRule = $16
		$16.Name = Static Readonly Fields
		$16.AffectedEntity = ReadonlyField
		$16.VisibilityMask = Protected, Public
		$16.NamingStyle = PascalCase
		$16.IncludeInstanceMembers = False
		$16.IncludeStaticEntities = True
		$4.NamingRule = $17
		$17.Name = Fields
		$17.AffectedEntity = Field
		$17.VisibilityMask = Protected, Public
		$17.NamingStyle = PascalCase
		$17.IncludeInstanceMembers = True
		$17.IncludeStaticEntities = True
		$4.NamingRule = $18
		$18.Name = ReadOnly Fields
		$18.AffectedEntity = ReadonlyField
		$18.VisibilityMask = Protected, Public
		$18.NamingStyle = PascalCase
		$18.IncludeInstanceMembers = True
		$18.IncludeStaticEntities = False
		$4.NamingRule = $19
		$19.Name = Constant Fields
		$19.AffectedEntity = ConstantField
		$19.VisibilityMask = Protected, Public
		$19.NamingStyle = PascalCase
		$19.IncludeInstanceMembers = True
		$19.IncludeStaticEntities = True
		$4.NamingRule = $20
		$20.Name = Properties
		$20.AffectedEntity = Property
		$20.VisibilityMask = Protected, Public
		$20.NamingStyle = PascalCase
		$20.IncludeInstanceMembers = True
		$20.IncludeStaticEntities = True
		$4.NamingRule = $21
		$21.Name = Events
		$21.AffectedEntity = Event
		$21.VisibilityMask = Protected, Public
		$21.NamingStyle = PascalCase
		$21.IncludeInstanceMembers = True
		$21.IncludeStaticEntities = True
		$4.NamingRule = $22
		$22.Name = Enum Members
		$22.AffectedEntity = EnumMember
		$22.VisibilityMask = VisibilityMask
		$22.NamingStyle = PascalCase
		$22.IncludeInstanceMembers = True
		$22.IncludeStaticEntities = True
		$4.NamingRule = $23
		$23.Name = Parameters
		$23.AffectedEntity = Parameter
		$23.VisibilityMask = VisibilityMask
		$23.NamingStyle = CamelCase
		$23.IncludeInstanceMembers = True
		$23.IncludeStaticEntities = True
		$4.NamingRule = $24
		$24.Name = Type Parameters
		$24.RequiredPrefixes = $25
		$25.String = T
		$24.AffectedEntity = TypeParameter
		$24.VisibilityMask = VisibilityMask
		$24.NamingStyle = PascalCase
		$24.IncludeInstanceMembers = True
		$24.IncludeStaticEntities = True
		$0.TextStylePolicy = $26
		$26.inheritsSet = null
		$26.inheritsScope = text/plain
		$26.scope = text/microsoft-resx
		$0.TextStylePolicy = $27
		$27.scope = text/x-csharp
		$27.FileWidth = 80
		$27.NoTabsAfterNonTabs = True
		$27.EolMarker = Unix
		$0.CSharpFormattingPolicy = $28
		$28.IndentSwitchBody = True
		$28.IndentBlocksInsideExpressions = True
		$28.AnonymousMethodBraceStyle = NextLine
		$28.PropertyBraceStyle = NextLine
		$28.PropertyGetBraceStyle = NextLine
		$28.PropertySetBraceStyle = NextLine
		$28.EventBraceStyle = NextLine
		$28.EventAddBraceStyle = NextLine
		$28.EventRemoveBraceStyle = NextLine
		$28.StatementBraceStyle = NextLine
		$28.ElseNewLinePlacement = NewLine
		$28.CatchNewLinePlacement = NewLine
		$28.FinallyNewLinePlacement = NewLine
		$28.WhileNewLinePlacement = DoNotCare
		$28.ArrayInitializerWrapping = DoNotChange
		$28.ArrayInitializerBraceStyle = NextLine
		$28.BeforeMethodDeclarationParentheses = False
		$28.BeforeMethodCallParentheses = False
		$28.BeforeConstructorDeclarationParentheses = False
		$28.NewLineBeforeConstructorInitializerColon = NewLine
		$28.NewLineAfterConstructorInitializerColon = SameLine
		$28.BeforeDelegateDeclarationParentheses = False
		$28.NewParentheses = False
		$28.SpacesBeforeBrackets = False
		$28.scope = text/x-csharp
		$28.NewLinesForBracesInProperties = False
		$28.NewLinesForBracesInAccessors = False
		$28.NewLinesForBracesInAnonymousMethods = False
		$28.NewLinesForBracesInControlBlocks = False
		$28.NewLinesForBracesInAnonymousTypes = False
		$28.NewLinesForBracesInObjectCollectionArrayInitializers = False
		$28.NewLinesForBracesInLambdaExpressionBody = False
		$28.NewLineForElse = False
		$28.NewLineForCatch = False
		$28.NewLineForFinally = False
		$28.SpaceAfterControlFlowStatementKeyword = False
		$0.TextStylePolicy = $29
		$29.scope = application/x-desktop
		$29.FileWidth = 80
		$29.TabWidth = 8
		$29.IndentWidth = 8
		$0.VersionControlPolicy = $30
		$0.TextStylePolicy = $31
		$31.inheritsSet = null
		$31.scope = application/xml
		$0.XmlFormattingPolicy = $32
		$32.inheritsSet = null
		$32.inheritsScope = application/xml
		$32.scope = text/microsoft-resx
		$0.TextStylePolicy = $33
		$33.inheritsSet = null
		$33.scope = application/config+xml
		$0.XmlFormattingPolicy = $34
		$34.inheritsSet = null
		$34.scope = application/config+xml
		$0.TextStylePolicy = $35
		$35.inheritsSet = null
		$35.scope = text/microsoft-resx
		$0.XmlFormattingPolicy = $36
		$36.inheritsSet = null
		$36.scope = text/microsoft-resx
	EndGlobalSection
EndGlobal
