
Microsoft Visual Studio Solution File, Format Version 12.00
# Visual Studio 15
Project("{FAE04EC0-301F-11D3-BF4B-00C04F79EFBC}") = "VodovozInstantSmsService", "VodovozInstantSmsService.csproj", "{D123B6CA-4ABC-469D-B61D-EC4C7358FDAE}"
EndProject
Global
	GlobalSection(SolutionConfigurationPlatforms) = preSolution
		Debug|x86 = Debug|x86
		Release|x86 = Release|x86
	EndGlobalSection
	GlobalSection(ProjectConfigurationPlatforms) = postSolution
		{D123B6CA-4ABC-469D-B61D-EC4C7358FDAE}.Debug|x86.ActiveCfg = Debug|x86
		{D123B6CA-4ABC-469D-B61D-EC4C7358FDAE}.Debug|x86.Build.0 = Debug|x86
		{D123B6CA-4ABC-469D-B61D-EC4C7358FDAE}.Release|x86.ActiveCfg = Release|x86
		{D123B6CA-4ABC-469D-B61D-EC4C7358FDAE}.Release|x86.Build.0 = Release|x86
	EndGlobalSection
EndGlobal
