
Microsoft Visual Studio Solution File, Format Version 12.00
# Visual Studio Version 17
VisualStudioVersion = 17.10.34902.84
MinimumVisualStudioVersion = 10.0.40219.1
Project("{9A19103F-16F7-4668-BE54-9A1E7A4F7556}") = "TrueMarkApi", "Applications\Backend\WebAPI\TrueMarkApi\TrueMarkApi.csproj", "{D6003E6B-BFDC-463B-8332-298651C6135E}"
EndProject
Project("{9A19103F-16F7-4668-BE54-9A1E7A4F7556}") = "TrueMark.Contracts", "Libraries\Core\Backend\TrueMark.Contracts\TrueMark.Contracts.csproj", "{969D3D60-6E5F-45B4-9D44-22741F98CA24}"
EndProject
Project("{9A19103F-16F7-4668-BE54-9A1E7A4F7556}") = "VodovozHealthCheck", "Libraries\Core\Backend\HealthCheck\VodovozHealthCheck.csproj", "{28582715-3A9E-4F82-B2F4-F20C4650ADCF}"
EndProject
Global
	GlobalSection(SolutionConfigurationPlatforms) = preSolution
		Debug|Any CPU = Debug|Any CPU
		Release|Any CPU = Release|Any CPU
	EndGlobalSection
	GlobalSection(ProjectConfigurationPlatforms) = postSolution
		{D6003E6B-BFDC-463B-8332-298651C6135E}.Debug|Any CPU.ActiveCfg = Debug|Any CPU
		{D6003E6B-BFDC-463B-8332-298651C6135E}.Debug|Any CPU.Build.0 = Debug|Any CPU
		{D6003E6B-BFDC-463B-8332-298651C6135E}.Release|Any CPU.ActiveCfg = Release|Any CPU
		{D6003E6B-BFDC-463B-8332-298651C6135E}.Release|Any CPU.Build.0 = Release|Any CPU
		{969D3D60-6E5F-45B4-9D44-22741F98CA24}.Debug|Any CPU.ActiveCfg = Debug|Any CPU
		{969D3D60-6E5F-45B4-9D44-22741F98CA24}.Debug|Any CPU.Build.0 = Debug|Any CPU
		{969D3D60-6E5F-45B4-9D44-22741F98CA24}.Release|Any CPU.ActiveCfg = Release|Any CPU
		{969D3D60-6E5F-45B4-9D44-22741F98CA24}.Release|Any CPU.Build.0 = Release|Any CPU
		{28582715-3A9E-4F82-B2F4-F20C4650ADCF}.Debug|Any CPU.ActiveCfg = Debug|Any CPU
		{28582715-3A9E-4F82-B2F4-F20C4650ADCF}.Debug|Any CPU.Build.0 = Debug|Any CPU
		{28582715-3A9E-4F82-B2F4-F20C4650ADCF}.Release|Any CPU.ActiveCfg = Release|Any CPU
		{28582715-3A9E-4F82-B2F4-F20C4650ADCF}.Release|Any CPU.Build.0 = Release|Any CPU
	EndGlobalSection
	GlobalSection(SolutionProperties) = preSolution
		HideSolutionNode = FALSE
	EndGlobalSection
	GlobalSection(ExtensibilityGlobals) = postSolution
		SolutionGuid = {BED45230-4F1F-4E8E-BBC4-13D4E9C78589}
	EndGlobalSection
EndGlobal
